// !$*UTF8*$!
{
	archiveVersion = 1;
	classes = {
	};
	objectVersion = 46;
	objects = {

/* Begin PBXBuildFile section */
		37F523B41C9ABE19007952C3 /* C8oCookieStorage.swift in Sources */ = {isa = PBXBuildFile; fileRef = 37F523B31C9ABE19007952C3 /* C8oCookieStorage.swift */; };
		62057A211CB53DA0004AE521 /* FullSyncEnum.swift in Sources */ = {isa = PBXBuildFile; fileRef = 62057A201CB53DA0004AE521 /* FullSyncEnum.swift */; };
		62057A261CB63E7B004AE521 /* VoidResponse.swift in Sources */ = {isa = PBXBuildFile; fileRef = 62057A251CB63E7B004AE521 /* VoidResponse.swift */; };
		620F6D0F1C7763B600683D0F /* FullSyncUtils.swift in Sources */ = {isa = PBXBuildFile; fileRef = 620F6D0E1C7763B600683D0F /* FullSyncUtils.swift */; };
		620F6D141C77666800683D0F /* C8oHttpInterface.swift in Sources */ = {isa = PBXBuildFile; fileRef = 620F6D131C77666800683D0F /* C8oHttpInterface.swift */; };
		620F6D161C776E0500683D0F /* C8OTranslator.swift in Sources */ = {isa = PBXBuildFile; fileRef = 620F6D151C776E0500683D0F /* C8OTranslator.swift */; };
		620F6D181C7771B300683D0F /* C8oUtils.swift in Sources */ = {isa = PBXBuildFile; fileRef = 620F6D171C7771B300683D0F /* C8oUtils.swift */; };
		622232801C6B29E2001D2EA1 /* C8oBase.swift in Sources */ = {isa = PBXBuildFile; fileRef = 6222327E1C6B29E2001D2EA1 /* C8oBase.swift */; };
		622232861C6B2A00001D2EA1 /* Queue.swift in Sources */ = {isa = PBXBuildFile; fileRef = 622232851C6B2A00001D2EA1 /* Queue.swift */; };
		622CA1661CAD54580074F704 /* FullSyncResponse.swift in Sources */ = {isa = PBXBuildFile; fileRef = 622CA1651CAD54570074F704 /* FullSyncResponse.swift */; };
		622CA1731CAEB8340074F704 /* C8o.swift in Sources */ = {isa = PBXBuildFile; fileRef = 622CA1721CAEB8340074F704 /* C8o.swift */; };
		622CA1751CAEBED10074F704 /* C8oResponseCblListener.swift in Sources */ = {isa = PBXBuildFile; fileRef = 622CA1741CAEBED10074F704 /* C8oResponseCblListener.swift */; };
		623C740B1C7C932900E691B0 /* C8oFullSyncCbl.swift in Sources */ = {isa = PBXBuildFile; fileRef = 623C740A1C7C932900E691B0 /* C8oFullSyncCbl.swift */; };
		623C740E1C7C94E900E691B0 /* C8oFullSyncDatabase.swift in Sources */ = {isa = PBXBuildFile; fileRef = 623C740D1C7C94E900E691B0 /* C8oFullSyncDatabase.swift */; };
		623C74101C7CD02100E691B0 /* C8oLogger.swift in Sources */ = {isa = PBXBuildFile; fileRef = 623C740F1C7CD02100E691B0 /* C8oLogger.swift */; };
		623C743D1C86DBB600E691B0 /* main.m in Sources */ = {isa = PBXBuildFile; fileRef = 623C743C1C86DBB600E691B0 /* main.m */; };
		623C74401C86DBB600E691B0 /* AppDelegate.m in Sources */ = {isa = PBXBuildFile; fileRef = 623C743F1C86DBB600E691B0 /* AppDelegate.m */; };
		623C74431C86DBB600E691B0 /* ViewController.m in Sources */ = {isa = PBXBuildFile; fileRef = 623C74421C86DBB600E691B0 /* ViewController.m */; };
		623C74461C86DBB600E691B0 /* Main.storyboard in Resources */ = {isa = PBXBuildFile; fileRef = 623C74441C86DBB600E691B0 /* Main.storyboard */; };
		623C74481C86DBB600E691B0 /* Assets.xcassets in Resources */ = {isa = PBXBuildFile; fileRef = 623C74471C86DBB600E691B0 /* Assets.xcassets */; };
		623C744B1C86DBB600E691B0 /* LaunchScreen.storyboard in Resources */ = {isa = PBXBuildFile; fileRef = 623C74491C86DBB600E691B0 /* LaunchScreen.storyboard */; };
		6268493A1C7B49D900872D34 /* C8o.framework in Frameworks */ = {isa = PBXBuildFile; fileRef = 62CD2A471C6207AD009E9F7E /* C8o.framework */; };
		6268493B1C7B49D900872D34 /* C8o.framework in Embed Frameworks */ = {isa = PBXBuildFile; fileRef = 62CD2A471C6207AD009E9F7E /* C8o.framework */; settings = {ATTRIBUTES = (CodeSignOnCopy, RemoveHeadersOnCopy, ); }; };
		6268493F1C7B4A6B00872D34 /* Alamofire.framework in Frameworks */ = {isa = PBXBuildFile; fileRef = 62CD2BF71C635D02009E9F7E /* Alamofire.framework */; };
		626849421C7B4F7400872D34 /* Alamofire.framework in Frameworks */ = {isa = PBXBuildFile; fileRef = 62CD2BF71C635D02009E9F7E /* Alamofire.framework */; };
		626849431C7B4F7400872D34 /* Alamofire.framework in Embed Frameworks */ = {isa = PBXBuildFile; fileRef = 62CD2BF71C635D02009E9F7E /* Alamofire.framework */; settings = {ATTRIBUTES = (CodeSignOnCopy, RemoveHeadersOnCopy, ); }; };
		626849461C7B4F7A00872D34 /* SwiftyJSON.framework in Frameworks */ = {isa = PBXBuildFile; fileRef = 6222327B1C651257001D2EA1 /* SwiftyJSON.framework */; };
		626849471C7B4F7A00872D34 /* SwiftyJSON.framework in Embed Frameworks */ = {isa = PBXBuildFile; fileRef = 6222327B1C651257001D2EA1 /* SwiftyJSON.framework */; settings = {ATTRIBUTES = (CodeSignOnCopy, RemoveHeadersOnCopy, ); }; };
		62CD2A4B1C6207AD009E9F7E /* C8oSDKiOS.h in Headers */ = {isa = PBXBuildFile; fileRef = 62CD2A4A1C6207AD009E9F7E /* C8oSDKiOS.h */; settings = {ATTRIBUTES = (Public, ); }; };
		62CD2A521C6207AD009E9F7E /* C8o.framework in Frameworks */ = {isa = PBXBuildFile; fileRef = 62CD2A471C6207AD009E9F7E /* C8o.framework */; };
		62CD2A571C6207AD009E9F7E /* C8oSDKiOSTests.swift in Sources */ = {isa = PBXBuildFile; fileRef = 62CD2A561C6207AD009E9F7E /* C8oSDKiOSTests.swift */; };
		62CD2A681C620960009E9F7E /* AppDelegate.swift in Sources */ = {isa = PBXBuildFile; fileRef = 62CD2A671C620960009E9F7E /* AppDelegate.swift */; };
		62CD2A6A1C620960009E9F7E /* ViewController.swift in Sources */ = {isa = PBXBuildFile; fileRef = 62CD2A691C620960009E9F7E /* ViewController.swift */; };
		62CD2A6D1C620960009E9F7E /* Main.storyboard in Resources */ = {isa = PBXBuildFile; fileRef = 62CD2A6B1C620960009E9F7E /* Main.storyboard */; };
		62CD2A6F1C620961009E9F7E /* Assets.xcassets in Resources */ = {isa = PBXBuildFile; fileRef = 62CD2A6E1C620961009E9F7E /* Assets.xcassets */; };
		62CD2A721C620961009E9F7E /* LaunchScreen.storyboard in Resources */ = {isa = PBXBuildFile; fileRef = 62CD2A701C620961009E9F7E /* LaunchScreen.storyboard */; };
		62CD2A7D1C620961009E9F7E /* C8oSDKTestAppTests.swift in Sources */ = {isa = PBXBuildFile; fileRef = 62CD2A7C1C620961009E9F7E /* C8oSDKTestAppTests.swift */; };
		62CD2A881C620961009E9F7E /* C8oSDKTestAppUITests.swift in Sources */ = {isa = PBXBuildFile; fileRef = 62CD2A871C620961009E9F7E /* C8oSDKTestAppUITests.swift */; };
		62CD2A971C6210D6009E9F7E /* PodFile in Resources */ = {isa = PBXBuildFile; fileRef = 62CD2A961C6210D6009E9F7E /* PodFile */; };
		62CD2B231C6254E4009E9F7E /* CouchbaseLite.framework in Headers */ = {isa = PBXBuildFile; fileRef = 62CD2A9A1C621652009E9F7E /* CouchbaseLite.framework */; settings = {ATTRIBUTES = (Public, ); }; };
		62CD2B241C625542009E9F7E /* SystemConfiguration.framework in Headers */ = {isa = PBXBuildFile; fileRef = 62CD2AA11C6217E7009E9F7E /* SystemConfiguration.framework */; settings = {ATTRIBUTES = (Public, ); }; };
		62CD2B251C625547009E9F7E /* CFNetwork.framework in Headers */ = {isa = PBXBuildFile; fileRef = 62CD2A9D1C6217D0009E9F7E /* CFNetwork.framework */; settings = {ATTRIBUTES = (Public, ); }; };
		62CD2B261C625556009E9F7E /* Security.framework in Headers */ = {isa = PBXBuildFile; fileRef = 62CD2A9F1C6217DA009E9F7E /* Security.framework */; settings = {ATTRIBUTES = (Public, ); }; };
		62CD2B5B1C63504D009E9F7E /* libz.1.dylib in Headers */ = {isa = PBXBuildFile; fileRef = 62CD2B571C634F9A009E9F7E /* libz.1.dylib */; settings = {ATTRIBUTES = (Public, ); }; };
		62CD2B5C1C63505E009E9F7E /* libsqlite3.dylib in Headers */ = {isa = PBXBuildFile; fileRef = 62CD2B591C634FBA009E9F7E /* libsqlite3.dylib */; settings = {ATTRIBUTES = (Public, ); }; };
		62CD2C081C638628009E9F7E /* SystemConfiguration.framework in Frameworks */ = {isa = PBXBuildFile; fileRef = 62CD2AA11C6217E7009E9F7E /* SystemConfiguration.framework */; };
		62CD2C091C638633009E9F7E /* CFNetwork.framework in Frameworks */ = {isa = PBXBuildFile; fileRef = 62CD2A9D1C6217D0009E9F7E /* CFNetwork.framework */; };
		62CD2C0A1C63864A009E9F7E /* Security.framework in Frameworks */ = {isa = PBXBuildFile; fileRef = 62CD2A9F1C6217DA009E9F7E /* Security.framework */; };
		62CD2C0B1C63877C009E9F7E /* libz.1.dylib in Frameworks */ = {isa = PBXBuildFile; fileRef = 62CD2B571C634F9A009E9F7E /* libz.1.dylib */; };
		62CD2C0C1C63879F009E9F7E /* libsqlite3.dylib in Frameworks */ = {isa = PBXBuildFile; fileRef = 62CD2B591C634FBA009E9F7E /* libsqlite3.dylib */; };
		62DE2D181CB6B4130026C3B1 /* C8oLocalCacheResponse.swift in Sources */ = {isa = PBXBuildFile; fileRef = 62DE2D171CB6B4130026C3B1 /* C8oLocalCacheResponse.swift */; };
		62EDE9041C7481ED00D9213F /* C8oExceptionListener.swift in Sources */ = {isa = PBXBuildFile; fileRef = 62EDE9031C7481ED00D9213F /* C8oExceptionListener.swift */; };
		62EDE9091C7482B300D9213F /* C8oFileTransfer.swift in Sources */ = {isa = PBXBuildFile; fileRef = 62EDE9081C7482B300D9213F /* C8oFileTransfer.swift */; };
		62EDE90B1C74D3AB00D9213F /* C8oFileTransferStatus.swift in Sources */ = {isa = PBXBuildFile; fileRef = 62EDE90A1C74D3AB00D9213F /* C8oFileTransferStatus.swift */; };
		62EDE90D1C74D88000D9213F /* C8oFullSyncTranslator.swift in Sources */ = {isa = PBXBuildFile; fileRef = 62EDE90C1C74D88000D9213F /* C8oFullSyncTranslator.swift */; };
		62EDE90F1C75C5BD00D9213F /* C8oLocalCache.swift in Sources */ = {isa = PBXBuildFile; fileRef = 62EDE90E1C75C5BD00D9213F /* C8oLocalCache.swift */; };
		62EDE9111C75DA0200D9213F /* C8oProgress.swift in Sources */ = {isa = PBXBuildFile; fileRef = 62EDE9101C75DA0200D9213F /* C8oProgress.swift */; };
		62EDE9131C75F99800D9213F /* C8oPromise.swift in Sources */ = {isa = PBXBuildFile; fileRef = 62EDE9121C75F99800D9213F /* C8oPromise.swift */; };
		62EDE9171C75FF3700D9213F /* C8oPromiseSync.swift in Sources */ = {isa = PBXBuildFile; fileRef = 62EDE9161C75FF3700D9213F /* C8oPromiseSync.swift */; };
		62EDE9191C75FF5100D9213F /* C8oPromiseFailSync.swift in Sources */ = {isa = PBXBuildFile; fileRef = 62EDE9181C75FF5100D9213F /* C8oPromiseFailSync.swift */; };
		62EDE91B1C76114B00D9213F /* C8oResponseJsonListener.swift in Sources */ = {isa = PBXBuildFile; fileRef = 62EDE91A1C76114B00D9213F /* C8oResponseJsonListener.swift */; };
		62EDE91D1C7613E500D9213F /* C8oResponseListener.swift in Sources */ = {isa = PBXBuildFile; fileRef = 62EDE91C1C7613E500D9213F /* C8oResponseListener.swift */; };
		62EDE91F1C76141500D9213F /* C8oResponseProgressListener.swift in Sources */ = {isa = PBXBuildFile; fileRef = 62EDE91E1C76141500D9213F /* C8oResponseProgressListener.swift */; };
		62EDE9211C76149A00D9213F /* C8oResponseXmlListener.swift in Sources */ = {isa = PBXBuildFile; fileRef = 62EDE9201C76149A00D9213F /* C8oResponseXmlListener.swift */; };
		62EDE9231C76153000D9213F /* C8oSettings.swift in Sources */ = {isa = PBXBuildFile; fileRef = 62EDE9221C76153000D9213F /* C8oSettings.swift */; };
		62EDE9251C761BF700D9213F /* Delegates.swift in Sources */ = {isa = PBXBuildFile; fileRef = 62EDE9241C761BF700D9213F /* Delegates.swift */; };
		62EDE9271C761D7500D9213F /* Exceptions.swift in Sources */ = {isa = PBXBuildFile; fileRef = 62EDE9261C761D7500D9213F /* Exceptions.swift */; };
		62EDE92A1C76239000D9213F /* C8oCallTask.swift in Sources */ = {isa = PBXBuildFile; fileRef = 62EDE9291C76239000D9213F /* C8oCallTask.swift */; };
		62EDE92D1C762EE500D9213F /* C8oExceptionMessage.swift in Sources */ = {isa = PBXBuildFile; fileRef = 62EDE92C1C762EE500D9213F /* C8oExceptionMessage.swift */; };
		62EDE9311C762FFE00D9213F /* C8oFileManager.swift in Sources */ = {isa = PBXBuildFile; fileRef = 62EDE9301C762FFE00D9213F /* C8oFileManager.swift */; };
		62EDE9331C76314200D9213F /* C8oFullSync.swift in Sources */ = {isa = PBXBuildFile; fileRef = 62EDE9321C76314200D9213F /* C8oFullSync.swift */; };
		62EDE9361C771F6200D9213F /* C8oFullSyncEnum.swift in Sources */ = {isa = PBXBuildFile; fileRef = 62EDE9351C771F6200D9213F /* C8oFullSyncEnum.swift */; };
		62EDE9381C77202F00D9213F /* C8oFullSyncHttp.swift in Sources */ = {isa = PBXBuildFile; fileRef = 62EDE9371C77202F00D9213F /* C8oFullSyncHttp.swift */; };
		FF7F496186E3925E683B11CC /* Pods_C8oSDKiOS.framework in Frameworks */ = {isa = PBXBuildFile; fileRef = 661BB53A401A46D0C011BCBC /* Pods_C8oSDKiOS.framework */; };
/* End PBXBuildFile section */

/* Begin PBXContainerItemProxy section */
		376688231CBD3C3A004FD9A2 /* PBXContainerItemProxy */ = {
			isa = PBXContainerItemProxy;
			containerPortal = 62CD2BD21C635D02009E9F7E /* Pods.xcodeproj */;
			proxyType = 2;
			remoteGlobalIDString = 69CC40B28223F23ED0DB660E6F311D9E;
			remoteInfo = AEXML;
		};
		6222327A1C651257001D2EA1 /* PBXContainerItemProxy */ = {
			isa = PBXContainerItemProxy;
			containerPortal = 62CD2BD21C635D02009E9F7E /* Pods.xcodeproj */;
			proxyType = 2;
			remoteGlobalIDString = B69223ED6FBFF540928933B52215FC8D;
			remoteInfo = SwiftyJSON;
		};
		6268493C1C7B49D900872D34 /* PBXContainerItemProxy */ = {
			isa = PBXContainerItemProxy;
			containerPortal = 62CD2A3E1C6207AC009E9F7E /* Project object */;
			proxyType = 1;
			remoteGlobalIDString = 62CD2A461C6207AC009E9F7E;
			remoteInfo = C8oSDKiOS;
		};
		626849441C7B4F7400872D34 /* PBXContainerItemProxy */ = {
			isa = PBXContainerItemProxy;
			containerPortal = 62CD2BD21C635D02009E9F7E /* Pods.xcodeproj */;
			proxyType = 1;
			remoteGlobalIDString = 432ECC54282C84882B482CCB4CF227FC;
			remoteInfo = Alamofire;
		};
		626849481C7B4F7A00872D34 /* PBXContainerItemProxy */ = {
			isa = PBXContainerItemProxy;
			containerPortal = 62CD2BD21C635D02009E9F7E /* Pods.xcodeproj */;
			proxyType = 1;
			remoteGlobalIDString = B1E61185B93E96406729A7198C501CA7;
			remoteInfo = SwiftyJSON;
		};
		62CD2A531C6207AD009E9F7E /* PBXContainerItemProxy */ = {
			isa = PBXContainerItemProxy;
			containerPortal = 62CD2A3E1C6207AC009E9F7E /* Project object */;
			proxyType = 1;
			remoteGlobalIDString = 62CD2A461C6207AC009E9F7E;
			remoteInfo = C8oSDKiOS;
		};
		62CD2A791C620961009E9F7E /* PBXContainerItemProxy */ = {
			isa = PBXContainerItemProxy;
			containerPortal = 62CD2A3E1C6207AC009E9F7E /* Project object */;
			proxyType = 1;
			remoteGlobalIDString = 62CD2A641C620960009E9F7E;
			remoteInfo = C8oSDKTestApp;
		};
		62CD2A841C620961009E9F7E /* PBXContainerItemProxy */ = {
			isa = PBXContainerItemProxy;
			containerPortal = 62CD2A3E1C6207AC009E9F7E /* Project object */;
			proxyType = 1;
			remoteGlobalIDString = 62CD2A641C620960009E9F7E;
			remoteInfo = C8oSDKTestApp;
		};
		62CD2BF61C635D02009E9F7E /* PBXContainerItemProxy */ = {
			isa = PBXContainerItemProxy;
			containerPortal = 62CD2BD21C635D02009E9F7E /* Pods.xcodeproj */;
			proxyType = 2;
			remoteGlobalIDString = 65C7CCE30E95A5A1FD2BE4870A6F633F;
			remoteInfo = Alamofire;
		};
		62CD2BFA1C635D02009E9F7E /* PBXContainerItemProxy */ = {
			isa = PBXContainerItemProxy;
			containerPortal = 62CD2BD21C635D02009E9F7E /* Pods.xcodeproj */;
			proxyType = 2;
			remoteGlobalIDString = 750F18998052B7C804BE09277C7CE560;
			remoteInfo = "Pods-C8oSDKiOS";
		};
/* End PBXContainerItemProxy section */

/* Begin PBXCopyFilesBuildPhase section */
		6268493E1C7B49D900872D34 /* Embed Frameworks */ = {
			isa = PBXCopyFilesBuildPhase;
			buildActionMask = 2147483647;
			dstPath = "";
			dstSubfolderSpec = 10;
			files = (
				6268493B1C7B49D900872D34 /* C8o.framework in Embed Frameworks */,
				626849431C7B4F7400872D34 /* Alamofire.framework in Embed Frameworks */,
				626849471C7B4F7A00872D34 /* SwiftyJSON.framework in Embed Frameworks */,
			);
			name = "Embed Frameworks";
			runOnlyForDeploymentPostprocessing = 0;
		};
/* End PBXCopyFilesBuildPhase section */

/* Begin PBXFileReference section */
		37F523B31C9ABE19007952C3 /* C8oCookieStorage.swift */ = {isa = PBXFileReference; fileEncoding = 4; lastKnownFileType = sourcecode.swift; path = C8oCookieStorage.swift; sourceTree = "<group>"; };
		62057A201CB53DA0004AE521 /* FullSyncEnum.swift */ = {isa = PBXFileReference; fileEncoding = 4; lastKnownFileType = sourcecode.swift; path = FullSyncEnum.swift; sourceTree = "<group>"; };
		62057A251CB63E7B004AE521 /* VoidResponse.swift */ = {isa = PBXFileReference; fileEncoding = 4; lastKnownFileType = sourcecode.swift; path = VoidResponse.swift; sourceTree = "<group>"; };
		620F6D0E1C7763B600683D0F /* FullSyncUtils.swift */ = {isa = PBXFileReference; fileEncoding = 4; lastKnownFileType = sourcecode.swift; path = FullSyncUtils.swift; sourceTree = "<group>"; };
		620F6D131C77666800683D0F /* C8oHttpInterface.swift */ = {isa = PBXFileReference; fileEncoding = 4; lastKnownFileType = sourcecode.swift; path = C8oHttpInterface.swift; sourceTree = "<group>"; };
		620F6D151C776E0500683D0F /* C8OTranslator.swift */ = {isa = PBXFileReference; fileEncoding = 4; lastKnownFileType = sourcecode.swift; path = C8OTranslator.swift; sourceTree = "<group>"; };
		620F6D171C7771B300683D0F /* C8oUtils.swift */ = {isa = PBXFileReference; fileEncoding = 4; lastKnownFileType = sourcecode.swift; path = C8oUtils.swift; sourceTree = "<group>"; };
		6222327E1C6B29E2001D2EA1 /* C8oBase.swift */ = {isa = PBXFileReference; fileEncoding = 4; lastKnownFileType = sourcecode.swift; path = C8oBase.swift; sourceTree = "<group>"; };
		622232851C6B2A00001D2EA1 /* Queue.swift */ = {isa = PBXFileReference; fileEncoding = 4; lastKnownFileType = sourcecode.swift; path = Queue.swift; sourceTree = "<group>"; };
		622CA1651CAD54570074F704 /* FullSyncResponse.swift */ = {isa = PBXFileReference; fileEncoding = 4; lastKnownFileType = sourcecode.swift; path = FullSyncResponse.swift; sourceTree = "<group>"; };
		622CA1721CAEB8340074F704 /* C8o.swift */ = {isa = PBXFileReference; fileEncoding = 4; lastKnownFileType = sourcecode.swift; path = C8o.swift; sourceTree = "<group>"; };
		622CA1741CAEBED10074F704 /* C8oResponseCblListener.swift */ = {isa = PBXFileReference; fileEncoding = 4; lastKnownFileType = sourcecode.swift; path = C8oResponseCblListener.swift; sourceTree = "<group>"; };
		623C740A1C7C932900E691B0 /* C8oFullSyncCbl.swift */ = {isa = PBXFileReference; fileEncoding = 4; lastKnownFileType = sourcecode.swift; path = C8oFullSyncCbl.swift; sourceTree = "<group>"; };
		623C740D1C7C94E900E691B0 /* C8oFullSyncDatabase.swift */ = {isa = PBXFileReference; fileEncoding = 4; lastKnownFileType = sourcecode.swift; path = C8oFullSyncDatabase.swift; sourceTree = "<group>"; };
		623C740F1C7CD02100E691B0 /* C8oLogger.swift */ = {isa = PBXFileReference; fileEncoding = 4; lastKnownFileType = sourcecode.swift; path = C8oLogger.swift; sourceTree = "<group>"; };
		623C74391C86DBB600E691B0 /* ObjC.app */ = {isa = PBXFileReference; explicitFileType = wrapper.application; includeInIndex = 0; path = ObjC.app; sourceTree = BUILT_PRODUCTS_DIR; };
		623C743C1C86DBB600E691B0 /* main.m */ = {isa = PBXFileReference; lastKnownFileType = sourcecode.c.objc; path = main.m; sourceTree = "<group>"; };
		623C743E1C86DBB600E691B0 /* AppDelegate.h */ = {isa = PBXFileReference; lastKnownFileType = sourcecode.c.h; path = AppDelegate.h; sourceTree = "<group>"; };
		623C743F1C86DBB600E691B0 /* AppDelegate.m */ = {isa = PBXFileReference; lastKnownFileType = sourcecode.c.objc; path = AppDelegate.m; sourceTree = "<group>"; };
		623C74411C86DBB600E691B0 /* ViewController.h */ = {isa = PBXFileReference; lastKnownFileType = sourcecode.c.h; path = ViewController.h; sourceTree = "<group>"; };
		623C74421C86DBB600E691B0 /* ViewController.m */ = {isa = PBXFileReference; lastKnownFileType = sourcecode.c.objc; path = ViewController.m; sourceTree = "<group>"; };
		623C74451C86DBB600E691B0 /* Base */ = {isa = PBXFileReference; lastKnownFileType = file.storyboard; name = Base; path = Base.lproj/Main.storyboard; sourceTree = "<group>"; };
		623C74471C86DBB600E691B0 /* Assets.xcassets */ = {isa = PBXFileReference; lastKnownFileType = folder.assetcatalog; path = Assets.xcassets; sourceTree = "<group>"; };
		623C744A1C86DBB600E691B0 /* Base */ = {isa = PBXFileReference; lastKnownFileType = file.storyboard; name = Base; path = Base.lproj/LaunchScreen.storyboard; sourceTree = "<group>"; };
		623C744C1C86DBB600E691B0 /* Info.plist */ = {isa = PBXFileReference; lastKnownFileType = text.plist.xml; path = Info.plist; sourceTree = "<group>"; };
		62CD2A471C6207AD009E9F7E /* C8o.framework */ = {isa = PBXFileReference; explicitFileType = wrapper.framework; includeInIndex = 0; path = C8o.framework; sourceTree = BUILT_PRODUCTS_DIR; };
		62CD2A4A1C6207AD009E9F7E /* C8oSDKiOS.h */ = {isa = PBXFileReference; lastKnownFileType = sourcecode.c.h; path = C8oSDKiOS.h; sourceTree = "<group>"; };
		62CD2A4C1C6207AD009E9F7E /* Info.plist */ = {isa = PBXFileReference; lastKnownFileType = text.plist.xml; path = Info.plist; sourceTree = "<group>"; };
		62CD2A511C6207AD009E9F7E /* C8oSDKiOSTests.xctest */ = {isa = PBXFileReference; explicitFileType = wrapper.cfbundle; includeInIndex = 0; path = C8oSDKiOSTests.xctest; sourceTree = BUILT_PRODUCTS_DIR; };
		62CD2A561C6207AD009E9F7E /* C8oSDKiOSTests.swift */ = {isa = PBXFileReference; lastKnownFileType = sourcecode.swift; path = C8oSDKiOSTests.swift; sourceTree = "<group>"; };
		62CD2A581C6207AD009E9F7E /* Info.plist */ = {isa = PBXFileReference; lastKnownFileType = text.plist.xml; path = Info.plist; sourceTree = "<group>"; };
		62CD2A651C620960009E9F7E /* C8oSDKTestApp.app */ = {isa = PBXFileReference; explicitFileType = wrapper.application; includeInIndex = 0; path = C8oSDKTestApp.app; sourceTree = BUILT_PRODUCTS_DIR; };
		62CD2A671C620960009E9F7E /* AppDelegate.swift */ = {isa = PBXFileReference; lastKnownFileType = sourcecode.swift; path = AppDelegate.swift; sourceTree = "<group>"; };
		62CD2A691C620960009E9F7E /* ViewController.swift */ = {isa = PBXFileReference; lastKnownFileType = sourcecode.swift; path = ViewController.swift; sourceTree = "<group>"; };
		62CD2A6C1C620960009E9F7E /* Base */ = {isa = PBXFileReference; lastKnownFileType = file.storyboard; name = Base; path = Base.lproj/Main.storyboard; sourceTree = "<group>"; };
		62CD2A6E1C620961009E9F7E /* Assets.xcassets */ = {isa = PBXFileReference; lastKnownFileType = folder.assetcatalog; path = Assets.xcassets; sourceTree = "<group>"; };
		62CD2A711C620961009E9F7E /* Base */ = {isa = PBXFileReference; lastKnownFileType = file.storyboard; name = Base; path = Base.lproj/LaunchScreen.storyboard; sourceTree = "<group>"; };
		62CD2A731C620961009E9F7E /* Info.plist */ = {isa = PBXFileReference; lastKnownFileType = text.plist.xml; path = Info.plist; sourceTree = "<group>"; };
		62CD2A781C620961009E9F7E /* C8oSDKTestAppTests.xctest */ = {isa = PBXFileReference; explicitFileType = wrapper.cfbundle; includeInIndex = 0; path = C8oSDKTestAppTests.xctest; sourceTree = BUILT_PRODUCTS_DIR; };
		62CD2A7C1C620961009E9F7E /* C8oSDKTestAppTests.swift */ = {isa = PBXFileReference; lastKnownFileType = sourcecode.swift; path = C8oSDKTestAppTests.swift; sourceTree = "<group>"; };
		62CD2A7E1C620961009E9F7E /* Info.plist */ = {isa = PBXFileReference; lastKnownFileType = text.plist.xml; path = Info.plist; sourceTree = "<group>"; };
		62CD2A831C620961009E9F7E /* C8oSDKTestAppUITests.xctest */ = {isa = PBXFileReference; explicitFileType = wrapper.cfbundle; includeInIndex = 0; path = C8oSDKTestAppUITests.xctest; sourceTree = BUILT_PRODUCTS_DIR; };
		62CD2A871C620961009E9F7E /* C8oSDKTestAppUITests.swift */ = {isa = PBXFileReference; lastKnownFileType = sourcecode.swift; path = C8oSDKTestAppUITests.swift; sourceTree = "<group>"; };
		62CD2A891C620961009E9F7E /* Info.plist */ = {isa = PBXFileReference; lastKnownFileType = text.plist.xml; path = Info.plist; sourceTree = "<group>"; };
		62CD2A961C6210D6009E9F7E /* PodFile */ = {isa = PBXFileReference; fileEncoding = 4; lastKnownFileType = text; path = PodFile; sourceTree = "<group>"; xcLanguageSpecificationIdentifier = xcode.lang.ruby; };
		62CD2A981C621243009E9F7E /* Alamofire.framework */ = {isa = PBXFileReference; lastKnownFileType = wrapper.framework; name = Alamofire.framework; path = "Pods/../build/Debug-iphoneos/Alamofire.framework"; sourceTree = "<group>"; };
		62CD2A9A1C621652009E9F7E /* CouchbaseLite.framework */ = {isa = PBXFileReference; lastKnownFileType = wrapper.framework; name = CouchbaseLite.framework; path = "Pods/couchbase-lite-ios/CouchbaseLite.framework"; sourceTree = "<group>"; };
		62CD2A9D1C6217D0009E9F7E /* CFNetwork.framework */ = {isa = PBXFileReference; lastKnownFileType = wrapper.framework; name = CFNetwork.framework; path = System/Library/Frameworks/CFNetwork.framework; sourceTree = SDKROOT; };
		62CD2A9F1C6217DA009E9F7E /* Security.framework */ = {isa = PBXFileReference; lastKnownFileType = wrapper.framework; name = Security.framework; path = System/Library/Frameworks/Security.framework; sourceTree = SDKROOT; };
		62CD2AA11C6217E7009E9F7E /* SystemConfiguration.framework */ = {isa = PBXFileReference; lastKnownFileType = wrapper.framework; name = SystemConfiguration.framework; path = System/Library/Frameworks/SystemConfiguration.framework; sourceTree = SDKROOT; };
		62CD2AA31C6218B4009E9F7E /* libsqlite3.tbd */ = {isa = PBXFileReference; lastKnownFileType = "sourcecode.text-based-dylib-definition"; name = libsqlite3.tbd; path = usr/lib/libsqlite3.tbd; sourceTree = SDKROOT; };
		62CD2AA51C6218C3009E9F7E /* libz.tbd */ = {isa = PBXFileReference; lastKnownFileType = "sourcecode.text-based-dylib-definition"; name = libz.tbd; path = usr/lib/libz.tbd; sourceTree = SDKROOT; };
		62CD2B571C634F9A009E9F7E /* libz.1.dylib */ = {isa = PBXFileReference; lastKnownFileType = "compiled.mach-o.dylib"; name = libz.1.dylib; path = Platforms/iPhoneSimulator.platform/Developer/SDKs/iPhoneSimulator.sdk/usr/lib/libz.1.dylib; sourceTree = DEVELOPER_DIR; };
		62CD2B591C634FBA009E9F7E /* libsqlite3.dylib */ = {isa = PBXFileReference; lastKnownFileType = "compiled.mach-o.dylib"; name = libsqlite3.dylib; path = Platforms/iPhoneSimulator.platform/Developer/SDKs/iPhoneSimulator.sdk/usr/lib/libsqlite3.dylib; sourceTree = DEVELOPER_DIR; };
		62CD2BA21C635D02009E9F7E /* LICENSE */ = {isa = PBXFileReference; lastKnownFileType = text; path = LICENSE; sourceTree = "<group>"; };
		62CD2BA31C635D02009E9F7E /* README.md */ = {isa = PBXFileReference; lastKnownFileType = net.daringfireball.markdown; path = README.md; sourceTree = "<group>"; };
		62CD2BA51C635D02009E9F7E /* Alamofire.swift */ = {isa = PBXFileReference; lastKnownFileType = sourcecode.swift; path = Alamofire.swift; sourceTree = "<group>"; };
		62CD2BA61C635D02009E9F7E /* Download.swift */ = {isa = PBXFileReference; lastKnownFileType = sourcecode.swift; path = Download.swift; sourceTree = "<group>"; };
		62CD2BA71C635D02009E9F7E /* Error.swift */ = {isa = PBXFileReference; lastKnownFileType = sourcecode.swift; path = Error.swift; sourceTree = "<group>"; };
		62CD2BA81C635D02009E9F7E /* Manager.swift */ = {isa = PBXFileReference; lastKnownFileType = sourcecode.swift; path = Manager.swift; sourceTree = "<group>"; };
		62CD2BA91C635D02009E9F7E /* MultipartFormData.swift */ = {isa = PBXFileReference; lastKnownFileType = sourcecode.swift; path = MultipartFormData.swift; sourceTree = "<group>"; };
		62CD2BAA1C635D02009E9F7E /* ParameterEncoding.swift */ = {isa = PBXFileReference; lastKnownFileType = sourcecode.swift; path = ParameterEncoding.swift; sourceTree = "<group>"; };
		62CD2BAB1C635D02009E9F7E /* Request.swift */ = {isa = PBXFileReference; lastKnownFileType = sourcecode.swift; path = Request.swift; sourceTree = "<group>"; };
		62CD2BAC1C635D02009E9F7E /* Response.swift */ = {isa = PBXFileReference; lastKnownFileType = sourcecode.swift; path = Response.swift; sourceTree = "<group>"; };
		62CD2BAD1C635D02009E9F7E /* ResponseSerialization.swift */ = {isa = PBXFileReference; lastKnownFileType = sourcecode.swift; path = ResponseSerialization.swift; sourceTree = "<group>"; };
		62CD2BAE1C635D02009E9F7E /* Result.swift */ = {isa = PBXFileReference; lastKnownFileType = sourcecode.swift; path = Result.swift; sourceTree = "<group>"; };
		62CD2BAF1C635D02009E9F7E /* ServerTrustPolicy.swift */ = {isa = PBXFileReference; lastKnownFileType = sourcecode.swift; path = ServerTrustPolicy.swift; sourceTree = "<group>"; };
		62CD2BB01C635D02009E9F7E /* Stream.swift */ = {isa = PBXFileReference; lastKnownFileType = sourcecode.swift; path = Stream.swift; sourceTree = "<group>"; };
		62CD2BB11C635D02009E9F7E /* Upload.swift */ = {isa = PBXFileReference; lastKnownFileType = sourcecode.swift; path = Upload.swift; sourceTree = "<group>"; };
		62CD2BB21C635D02009E9F7E /* Validation.swift */ = {isa = PBXFileReference; lastKnownFileType = sourcecode.swift; path = Validation.swift; sourceTree = "<group>"; };
		62CD2BB41C635D02009E9F7E /* CouchbaseLite.framework */ = {isa = PBXFileReference; lastKnownFileType = wrapper.framework; path = CouchbaseLite.framework; sourceTree = "<group>"; };
		62CD2BB51C635D02009E9F7E /* LICENSE.txt */ = {isa = PBXFileReference; lastKnownFileType = text; path = LICENSE.txt; sourceTree = "<group>"; };
		62CD2BB61C635D02009E9F7E /* README.md */ = {isa = PBXFileReference; lastKnownFileType = net.daringfireball.markdown; path = README.md; sourceTree = "<group>"; };
		62CD2BBB1C635D02009E9F7E /* CBLAttachment.h */ = {isa = PBXFileReference; lastKnownFileType = sourcecode.c.h; path = CBLAttachment.h; sourceTree = "<group>"; };
		62CD2BBC1C635D02009E9F7E /* CBLAuthenticator.h */ = {isa = PBXFileReference; lastKnownFileType = sourcecode.c.h; path = CBLAuthenticator.h; sourceTree = "<group>"; };
		62CD2BBD1C635D02009E9F7E /* CBLBase.h */ = {isa = PBXFileReference; lastKnownFileType = sourcecode.c.h; path = CBLBase.h; sourceTree = "<group>"; };
		62CD2BBE1C635D02009E9F7E /* CBLDatabase.h */ = {isa = PBXFileReference; lastKnownFileType = sourcecode.c.h; path = CBLDatabase.h; sourceTree = "<group>"; };
		62CD2BBF1C635D02009E9F7E /* CBLDatabaseChange.h */ = {isa = PBXFileReference; lastKnownFileType = sourcecode.c.h; path = CBLDatabaseChange.h; sourceTree = "<group>"; };
		62CD2BC01C635D02009E9F7E /* CBLDocument.h */ = {isa = PBXFileReference; lastKnownFileType = sourcecode.c.h; path = CBLDocument.h; sourceTree = "<group>"; };
		62CD2BC11C635D02009E9F7E /* CBLGeometry.h */ = {isa = PBXFileReference; lastKnownFileType = sourcecode.c.h; path = CBLGeometry.h; sourceTree = "<group>"; };
		62CD2BC21C635D02009E9F7E /* CBLJSON.h */ = {isa = PBXFileReference; lastKnownFileType = sourcecode.c.h; path = CBLJSON.h; sourceTree = "<group>"; };
		62CD2BC31C635D02009E9F7E /* CBLManager.h */ = {isa = PBXFileReference; lastKnownFileType = sourcecode.c.h; path = CBLManager.h; sourceTree = "<group>"; };
		62CD2BC41C635D02009E9F7E /* CBLModel.h */ = {isa = PBXFileReference; lastKnownFileType = sourcecode.c.h; path = CBLModel.h; sourceTree = "<group>"; };
		62CD2BC51C635D02009E9F7E /* CBLModelFactory.h */ = {isa = PBXFileReference; lastKnownFileType = sourcecode.c.h; path = CBLModelFactory.h; sourceTree = "<group>"; };
		62CD2BC61C635D02009E9F7E /* CBLQuery+FullTextSearch.h */ = {isa = PBXFileReference; lastKnownFileType = sourcecode.c.h; path = "CBLQuery+FullTextSearch.h"; sourceTree = "<group>"; };
		62CD2BC71C635D02009E9F7E /* CBLQuery+Geo.h */ = {isa = PBXFileReference; lastKnownFileType = sourcecode.c.h; path = "CBLQuery+Geo.h"; sourceTree = "<group>"; };
		62CD2BC81C635D02009E9F7E /* CBLQuery.h */ = {isa = PBXFileReference; lastKnownFileType = sourcecode.c.h; path = CBLQuery.h; sourceTree = "<group>"; };
		62CD2BC91C635D02009E9F7E /* CBLQueryBuilder.h */ = {isa = PBXFileReference; lastKnownFileType = sourcecode.c.h; path = CBLQueryBuilder.h; sourceTree = "<group>"; };
		62CD2BCA1C635D02009E9F7E /* CBLReplication.h */ = {isa = PBXFileReference; lastKnownFileType = sourcecode.c.h; path = CBLReplication.h; sourceTree = "<group>"; };
		62CD2BCB1C635D02009E9F7E /* CBLRevision.h */ = {isa = PBXFileReference; lastKnownFileType = sourcecode.c.h; path = CBLRevision.h; sourceTree = "<group>"; };
		62CD2BCC1C635D02009E9F7E /* CBLUITableSource.h */ = {isa = PBXFileReference; lastKnownFileType = sourcecode.c.h; path = CBLUITableSource.h; sourceTree = "<group>"; };
		62CD2BCD1C635D02009E9F7E /* CBLView.h */ = {isa = PBXFileReference; lastKnownFileType = sourcecode.c.h; path = CBLView.h; sourceTree = "<group>"; };
		62CD2BCE1C635D02009E9F7E /* CouchbaseLite.h */ = {isa = PBXFileReference; lastKnownFileType = sourcecode.c.h; path = CouchbaseLite.h; sourceTree = "<group>"; };
		62CD2BCF1C635D02009E9F7E /* MYDynamicObject.h */ = {isa = PBXFileReference; lastKnownFileType = sourcecode.c.h; path = MYDynamicObject.h; sourceTree = "<group>"; };
		62CD2BD11C635D02009E9F7E /* Manifest.lock */ = {isa = PBXFileReference; lastKnownFileType = text; path = Manifest.lock; sourceTree = "<group>"; };
		62CD2BD21C635D02009E9F7E /* Pods.xcodeproj */ = {isa = PBXFileReference; lastKnownFileType = "wrapper.pb-project"; path = Pods.xcodeproj; sourceTree = "<group>"; };
		62CD2BD71C635D02009E9F7E /* Alamofire-dummy.m */ = {isa = PBXFileReference; lastKnownFileType = sourcecode.c.objc; path = "Alamofire-dummy.m"; sourceTree = "<group>"; };
		62CD2BD81C635D02009E9F7E /* Alamofire-prefix.pch */ = {isa = PBXFileReference; lastKnownFileType = sourcecode.c.h; path = "Alamofire-prefix.pch"; sourceTree = "<group>"; };
		62CD2BD91C635D02009E9F7E /* Alamofire-umbrella.h */ = {isa = PBXFileReference; lastKnownFileType = sourcecode.c.h; path = "Alamofire-umbrella.h"; sourceTree = "<group>"; };
		62CD2BDA1C635D02009E9F7E /* Alamofire.modulemap */ = {isa = PBXFileReference; lastKnownFileType = "sourcecode.module-map"; path = Alamofire.modulemap; sourceTree = "<group>"; };
		62CD2BDB1C635D02009E9F7E /* Alamofire.xcconfig */ = {isa = PBXFileReference; lastKnownFileType = text.xcconfig; path = Alamofire.xcconfig; sourceTree = "<group>"; };
		62CD2BDC1C635D02009E9F7E /* Info.plist */ = {isa = PBXFileReference; lastKnownFileType = text.plist.xml; path = Info.plist; sourceTree = "<group>"; };
		62CD2BDE1C635D02009E9F7E /* Info.plist */ = {isa = PBXFileReference; lastKnownFileType = text.plist.xml; path = Info.plist; sourceTree = "<group>"; };
		62CD2BDF1C635D02009E9F7E /* Pods-acknowledgements.markdown */ = {isa = PBXFileReference; lastKnownFileType = net.daringfireball.markdown; path = "Pods-acknowledgements.markdown"; sourceTree = "<group>"; };
		62CD2BE01C635D02009E9F7E /* Pods-acknowledgements.plist */ = {isa = PBXFileReference; lastKnownFileType = text.plist.xml; path = "Pods-acknowledgements.plist"; sourceTree = "<group>"; };
		62CD2BE11C635D02009E9F7E /* Pods-dummy.m */ = {isa = PBXFileReference; lastKnownFileType = sourcecode.c.objc; path = "Pods-dummy.m"; sourceTree = "<group>"; };
		62CD2BE21C635D02009E9F7E /* Pods-frameworks.sh */ = {isa = PBXFileReference; lastKnownFileType = text.script.sh; path = "Pods-frameworks.sh"; sourceTree = "<group>"; };
		62CD2BE31C635D02009E9F7E /* Pods-resources.sh */ = {isa = PBXFileReference; lastKnownFileType = text.script.sh; path = "Pods-resources.sh"; sourceTree = "<group>"; };
		62CD2BE41C635D02009E9F7E /* Pods-umbrella.h */ = {isa = PBXFileReference; lastKnownFileType = sourcecode.c.h; path = "Pods-umbrella.h"; sourceTree = "<group>"; };
		62CD2BE51C635D02009E9F7E /* Pods.debug.xcconfig */ = {isa = PBXFileReference; lastKnownFileType = text.xcconfig; path = Pods.debug.xcconfig; sourceTree = "<group>"; };
		62CD2BE61C635D02009E9F7E /* Pods.modulemap */ = {isa = PBXFileReference; lastKnownFileType = "sourcecode.module-map"; path = Pods.modulemap; sourceTree = "<group>"; };
		62CD2BE71C635D02009E9F7E /* Pods.release.xcconfig */ = {isa = PBXFileReference; lastKnownFileType = text.xcconfig; path = Pods.release.xcconfig; sourceTree = "<group>"; };
		62CD2BE91C635D02009E9F7E /* Info.plist */ = {isa = PBXFileReference; lastKnownFileType = text.plist.xml; path = Info.plist; sourceTree = "<group>"; };
		62CD2BEA1C635D02009E9F7E /* Pods-C8oSDKiOS-acknowledgements.markdown */ = {isa = PBXFileReference; lastKnownFileType = net.daringfireball.markdown; path = "Pods-C8oSDKiOS-acknowledgements.markdown"; sourceTree = "<group>"; };
		62CD2BEB1C635D02009E9F7E /* Pods-C8oSDKiOS-acknowledgements.plist */ = {isa = PBXFileReference; lastKnownFileType = text.plist.xml; path = "Pods-C8oSDKiOS-acknowledgements.plist"; sourceTree = "<group>"; };
		62CD2BEC1C635D02009E9F7E /* Pods-C8oSDKiOS-dummy.m */ = {isa = PBXFileReference; lastKnownFileType = sourcecode.c.objc; path = "Pods-C8oSDKiOS-dummy.m"; sourceTree = "<group>"; };
		62CD2BED1C635D02009E9F7E /* Pods-C8oSDKiOS-frameworks.sh */ = {isa = PBXFileReference; lastKnownFileType = text.script.sh; path = "Pods-C8oSDKiOS-frameworks.sh"; sourceTree = "<group>"; };
		62CD2BEE1C635D02009E9F7E /* Pods-C8oSDKiOS-resources.sh */ = {isa = PBXFileReference; lastKnownFileType = text.script.sh; path = "Pods-C8oSDKiOS-resources.sh"; sourceTree = "<group>"; };
		62CD2BEF1C635D02009E9F7E /* Pods-C8oSDKiOS-umbrella.h */ = {isa = PBXFileReference; lastKnownFileType = sourcecode.c.h; path = "Pods-C8oSDKiOS-umbrella.h"; sourceTree = "<group>"; };
		62CD2BF01C635D02009E9F7E /* Pods-C8oSDKiOS.debug.xcconfig */ = {isa = PBXFileReference; lastKnownFileType = text.xcconfig; path = "Pods-C8oSDKiOS.debug.xcconfig"; sourceTree = "<group>"; };
		62CD2BF11C635D02009E9F7E /* Pods-C8oSDKiOS.modulemap */ = {isa = PBXFileReference; lastKnownFileType = "sourcecode.module-map"; path = "Pods-C8oSDKiOS.modulemap"; sourceTree = "<group>"; };
		62CD2BF21C635D02009E9F7E /* Pods-C8oSDKiOS.release.xcconfig */ = {isa = PBXFileReference; lastKnownFileType = text.xcconfig; path = "Pods-C8oSDKiOS.release.xcconfig"; sourceTree = "<group>"; };
		62CD2C061C63623F009E9F7E /* module.modulemap */ = {isa = PBXFileReference; fileEncoding = 4; lastKnownFileType = "sourcecode.module-map"; path = module.modulemap; sourceTree = "<group>"; };
		62DE2D171CB6B4130026C3B1 /* C8oLocalCacheResponse.swift */ = {isa = PBXFileReference; fileEncoding = 4; lastKnownFileType = sourcecode.swift; path = C8oLocalCacheResponse.swift; sourceTree = "<group>"; };
		62EDE9031C7481ED00D9213F /* C8oExceptionListener.swift */ = {isa = PBXFileReference; fileEncoding = 4; lastKnownFileType = sourcecode.swift; path = C8oExceptionListener.swift; sourceTree = "<group>"; };
		62EDE9081C7482B300D9213F /* C8oFileTransfer.swift */ = {isa = PBXFileReference; fileEncoding = 4; lastKnownFileType = sourcecode.swift; path = C8oFileTransfer.swift; sourceTree = "<group>"; };
		62EDE90A1C74D3AB00D9213F /* C8oFileTransferStatus.swift */ = {isa = PBXFileReference; fileEncoding = 4; lastKnownFileType = sourcecode.swift; path = C8oFileTransferStatus.swift; sourceTree = "<group>"; };
		62EDE90C1C74D88000D9213F /* C8oFullSyncTranslator.swift */ = {isa = PBXFileReference; fileEncoding = 4; lastKnownFileType = sourcecode.swift; path = C8oFullSyncTranslator.swift; sourceTree = "<group>"; };
		62EDE90E1C75C5BD00D9213F /* C8oLocalCache.swift */ = {isa = PBXFileReference; fileEncoding = 4; lastKnownFileType = sourcecode.swift; path = C8oLocalCache.swift; sourceTree = "<group>"; };
		62EDE9101C75DA0200D9213F /* C8oProgress.swift */ = {isa = PBXFileReference; fileEncoding = 4; lastKnownFileType = sourcecode.swift; path = C8oProgress.swift; sourceTree = "<group>"; };
		62EDE9121C75F99800D9213F /* C8oPromise.swift */ = {isa = PBXFileReference; fileEncoding = 4; lastKnownFileType = sourcecode.swift; path = C8oPromise.swift; sourceTree = "<group>"; };
		62EDE9161C75FF3700D9213F /* C8oPromiseSync.swift */ = {isa = PBXFileReference; fileEncoding = 4; lastKnownFileType = sourcecode.swift; path = C8oPromiseSync.swift; sourceTree = "<group>"; };
		62EDE9181C75FF5100D9213F /* C8oPromiseFailSync.swift */ = {isa = PBXFileReference; fileEncoding = 4; lastKnownFileType = sourcecode.swift; path = C8oPromiseFailSync.swift; sourceTree = "<group>"; };
		62EDE91A1C76114B00D9213F /* C8oResponseJsonListener.swift */ = {isa = PBXFileReference; fileEncoding = 4; lastKnownFileType = sourcecode.swift; path = C8oResponseJsonListener.swift; sourceTree = "<group>"; };
		62EDE91C1C7613E500D9213F /* C8oResponseListener.swift */ = {isa = PBXFileReference; fileEncoding = 4; lastKnownFileType = sourcecode.swift; path = C8oResponseListener.swift; sourceTree = "<group>"; };
		62EDE91E1C76141500D9213F /* C8oResponseProgressListener.swift */ = {isa = PBXFileReference; fileEncoding = 4; lastKnownFileType = sourcecode.swift; path = C8oResponseProgressListener.swift; sourceTree = "<group>"; };
		62EDE9201C76149A00D9213F /* C8oResponseXmlListener.swift */ = {isa = PBXFileReference; fileEncoding = 4; lastKnownFileType = sourcecode.swift; path = C8oResponseXmlListener.swift; sourceTree = "<group>"; };
		62EDE9221C76153000D9213F /* C8oSettings.swift */ = {isa = PBXFileReference; fileEncoding = 4; lastKnownFileType = sourcecode.swift; path = C8oSettings.swift; sourceTree = "<group>"; };
		62EDE9241C761BF700D9213F /* Delegates.swift */ = {isa = PBXFileReference; fileEncoding = 4; lastKnownFileType = sourcecode.swift; path = Delegates.swift; sourceTree = "<group>"; };
		62EDE9261C761D7500D9213F /* Exceptions.swift */ = {isa = PBXFileReference; fileEncoding = 4; lastKnownFileType = sourcecode.swift; path = Exceptions.swift; sourceTree = "<group>"; };
		62EDE9291C76239000D9213F /* C8oCallTask.swift */ = {isa = PBXFileReference; fileEncoding = 4; lastKnownFileType = sourcecode.swift; path = C8oCallTask.swift; sourceTree = "<group>"; };
		62EDE92C1C762EE500D9213F /* C8oExceptionMessage.swift */ = {isa = PBXFileReference; fileEncoding = 4; lastKnownFileType = sourcecode.swift; path = C8oExceptionMessage.swift; sourceTree = "<group>"; };
		62EDE9301C762FFE00D9213F /* C8oFileManager.swift */ = {isa = PBXFileReference; fileEncoding = 4; lastKnownFileType = sourcecode.swift; path = C8oFileManager.swift; sourceTree = "<group>"; };
		62EDE9321C76314200D9213F /* C8oFullSync.swift */ = {isa = PBXFileReference; fileEncoding = 4; lastKnownFileType = sourcecode.swift; path = C8oFullSync.swift; sourceTree = "<group>"; };
		62EDE9351C771F6200D9213F /* C8oFullSyncEnum.swift */ = {isa = PBXFileReference; fileEncoding = 4; lastKnownFileType = sourcecode.swift; path = C8oFullSyncEnum.swift; sourceTree = "<group>"; };
		62EDE9371C77202F00D9213F /* C8oFullSyncHttp.swift */ = {isa = PBXFileReference; fileEncoding = 4; lastKnownFileType = sourcecode.swift; path = C8oFullSyncHttp.swift; sourceTree = "<group>"; };
		661BB53A401A46D0C011BCBC /* Pods_C8oSDKiOS.framework */ = {isa = PBXFileReference; explicitFileType = wrapper.framework; includeInIndex = 0; path = Pods_C8oSDKiOS.framework; sourceTree = BUILT_PRODUCTS_DIR; };
		7CE1A3C0E60462F140575CFB /* Pods-C8oSDKiOS.debug.xcconfig */ = {isa = PBXFileReference; includeInIndex = 1; lastKnownFileType = text.xcconfig; name = "Pods-C8oSDKiOS.debug.xcconfig"; path = "Pods/Target Support Files/Pods-C8oSDKiOS/Pods-C8oSDKiOS.debug.xcconfig"; sourceTree = "<group>"; };
		9FA94D99C293DAD611D925AE /* Pods.framework */ = {isa = PBXFileReference; explicitFileType = wrapper.framework; includeInIndex = 0; path = Pods.framework; sourceTree = BUILT_PRODUCTS_DIR; };
		F1F795A1F44565BEA6556CA1 /* Pods-C8oSDKiOS.release.xcconfig */ = {isa = PBXFileReference; includeInIndex = 1; lastKnownFileType = text.xcconfig; name = "Pods-C8oSDKiOS.release.xcconfig"; path = "Pods/Target Support Files/Pods-C8oSDKiOS/Pods-C8oSDKiOS.release.xcconfig"; sourceTree = "<group>"; };
/* End PBXFileReference section */

/* Begin PBXFrameworksBuildPhase section */
		623C74361C86DBB600E691B0 /* Frameworks */ = {
			isa = PBXFrameworksBuildPhase;
			buildActionMask = 2147483647;
			files = (
			);
			runOnlyForDeploymentPostprocessing = 0;
		};
		62CD2A431C6207AC009E9F7E /* Frameworks */ = {
			isa = PBXFrameworksBuildPhase;
			buildActionMask = 2147483647;
			files = (
				6268493F1C7B4A6B00872D34 /* Alamofire.framework in Frameworks */,
				62CD2C0C1C63879F009E9F7E /* libsqlite3.dylib in Frameworks */,
				62CD2C0B1C63877C009E9F7E /* libz.1.dylib in Frameworks */,
				62CD2C0A1C63864A009E9F7E /* Security.framework in Frameworks */,
				62CD2C091C638633009E9F7E /* CFNetwork.framework in Frameworks */,
				62CD2C081C638628009E9F7E /* SystemConfiguration.framework in Frameworks */,
				FF7F496186E3925E683B11CC /* Pods_C8oSDKiOS.framework in Frameworks */,
			);
			runOnlyForDeploymentPostprocessing = 0;
		};
		62CD2A4E1C6207AD009E9F7E /* Frameworks */ = {
			isa = PBXFrameworksBuildPhase;
			buildActionMask = 2147483647;
			files = (
				62CD2A521C6207AD009E9F7E /* C8o.framework in Frameworks */,
			);
			runOnlyForDeploymentPostprocessing = 0;
		};
		62CD2A621C620960009E9F7E /* Frameworks */ = {
			isa = PBXFrameworksBuildPhase;
			buildActionMask = 2147483647;
			files = (
				6268493A1C7B49D900872D34 /* C8o.framework in Frameworks */,
				626849421C7B4F7400872D34 /* Alamofire.framework in Frameworks */,
				626849461C7B4F7A00872D34 /* SwiftyJSON.framework in Frameworks */,
			);
			runOnlyForDeploymentPostprocessing = 0;
		};
		62CD2A751C620961009E9F7E /* Frameworks */ = {
			isa = PBXFrameworksBuildPhase;
			buildActionMask = 2147483647;
			files = (
			);
			runOnlyForDeploymentPostprocessing = 0;
		};
		62CD2A801C620961009E9F7E /* Frameworks */ = {
			isa = PBXFrameworksBuildPhase;
			buildActionMask = 2147483647;
			files = (
			);
			runOnlyForDeploymentPostprocessing = 0;
		};
/* End PBXFrameworksBuildPhase section */

/* Begin PBXGroup section */
		215A697CF11F1CA08CE2E31B /* Frameworks */ = {
			isa = PBXGroup;
			children = (
				62CD2BA01C635D02009E9F7E /* Pods */,
				62CD2B591C634FBA009E9F7E /* libsqlite3.dylib */,
				62CD2B571C634F9A009E9F7E /* libz.1.dylib */,
				62CD2AA51C6218C3009E9F7E /* libz.tbd */,
				62CD2AA31C6218B4009E9F7E /* libsqlite3.tbd */,
				62CD2AA11C6217E7009E9F7E /* SystemConfiguration.framework */,
				62CD2A9F1C6217DA009E9F7E /* Security.framework */,
				62CD2A9D1C6217D0009E9F7E /* CFNetwork.framework */,
				62CD2A9A1C621652009E9F7E /* CouchbaseLite.framework */,
				62CD2A981C621243009E9F7E /* Alamofire.framework */,
				9FA94D99C293DAD611D925AE /* Pods.framework */,
				661BB53A401A46D0C011BCBC /* Pods_C8oSDKiOS.framework */,
			);
			name = Frameworks;
			sourceTree = "<group>";
		};
		623C743A1C86DBB600E691B0 /* ObjC */ = {
			isa = PBXGroup;
			children = (
				623C743E1C86DBB600E691B0 /* AppDelegate.h */,
				623C743F1C86DBB600E691B0 /* AppDelegate.m */,
				623C74411C86DBB600E691B0 /* ViewController.h */,
				623C74421C86DBB600E691B0 /* ViewController.m */,
				623C74441C86DBB600E691B0 /* Main.storyboard */,
				623C74471C86DBB600E691B0 /* Assets.xcassets */,
				623C74491C86DBB600E691B0 /* LaunchScreen.storyboard */,
				623C744C1C86DBB600E691B0 /* Info.plist */,
				623C743B1C86DBB600E691B0 /* Supporting Files */,
			);
			path = ObjC;
			sourceTree = "<group>";
		};
		623C743B1C86DBB600E691B0 /* Supporting Files */ = {
			isa = PBXGroup;
			children = (
				623C743C1C86DBB600E691B0 /* main.m */,
			);
			name = "Supporting Files";
			sourceTree = "<group>";
		};
		62CD2A3D1C6207AC009E9F7E = {
			isa = PBXGroup;
			children = (
				62CD2A961C6210D6009E9F7E /* PodFile */,
				62CD2A491C6207AD009E9F7E /* C8oSDKiOS */,
				62CD2A551C6207AD009E9F7E /* C8oSDKiOSTests */,
				62CD2A661C620960009E9F7E /* C8oSDKTestApp */,
				62CD2A7B1C620961009E9F7E /* C8oSDKTestAppTests */,
				62CD2A861C620961009E9F7E /* C8oSDKTestAppUITests */,
				623C743A1C86DBB600E691B0 /* ObjC */,
				62CD2A481C6207AD009E9F7E /* Products */,
				E6DF9BBC5E8E811396C19469 /* Pods */,
				215A697CF11F1CA08CE2E31B /* Frameworks */,
			);
			sourceTree = "<group>";
		};
		62CD2A481C6207AD009E9F7E /* Products */ = {
			isa = PBXGroup;
			children = (
				62CD2A471C6207AD009E9F7E /* C8o.framework */,
				62CD2A511C6207AD009E9F7E /* C8oSDKiOSTests.xctest */,
				62CD2A651C620960009E9F7E /* C8oSDKTestApp.app */,
				62CD2A781C620961009E9F7E /* C8oSDKTestAppTests.xctest */,
				62CD2A831C620961009E9F7E /* C8oSDKTestAppUITests.xctest */,
				623C74391C86DBB600E691B0 /* ObjC.app */,
			);
			name = Products;
			sourceTree = "<group>";
		};
		62CD2A491C6207AD009E9F7E /* C8oSDKiOS */ = {
			isa = PBXGroup;
			children = (
				62EDE92B1C762CEE00D9213F /* Internal */,
				62CD2C061C63623F009E9F7E /* module.modulemap */,
				6222327E1C6B29E2001D2EA1 /* C8oBase.swift */,
				622CA1721CAEB8340074F704 /* C8o.swift */,
				62CD2A4A1C6207AD009E9F7E /* C8oSDKiOS.h */,
				622232851C6B2A00001D2EA1 /* Queue.swift */,
				62CD2A4C1C6207AD009E9F7E /* Info.plist */,
				62EDE90E1C75C5BD00D9213F /* C8oLocalCache.swift */,
				62EDE9101C75DA0200D9213F /* C8oProgress.swift */,
				62EDE9121C75F99800D9213F /* C8oPromise.swift */,
				62EDE91A1C76114B00D9213F /* C8oResponseJsonListener.swift */,
				62EDE91C1C7613E500D9213F /* C8oResponseListener.swift */,
				62EDE91E1C76141500D9213F /* C8oResponseProgressListener.swift */,
				62EDE9201C76149A00D9213F /* C8oResponseXmlListener.swift */,
				62EDE9221C76153000D9213F /* C8oSettings.swift */,
				62EDE9241C761BF700D9213F /* Delegates.swift */,
				62EDE9261C761D7500D9213F /* Exceptions.swift */,
				62EDE9161C75FF3700D9213F /* C8oPromiseSync.swift */,
				62EDE9181C75FF5100D9213F /* C8oPromiseFailSync.swift */,
				62EDE9031C7481ED00D9213F /* C8oExceptionListener.swift */,
				62EDE9081C7482B300D9213F /* C8oFileTransfer.swift */,
				62EDE90A1C74D3AB00D9213F /* C8oFileTransferStatus.swift */,
				62EDE90C1C74D88000D9213F /* C8oFullSyncTranslator.swift */,
				623C740A1C7C932900E691B0 /* C8oFullSyncCbl.swift */,
				623C740D1C7C94E900E691B0 /* C8oFullSyncDatabase.swift */,
				623C740F1C7CD02100E691B0 /* C8oLogger.swift */,
				622CA1651CAD54570074F704 /* FullSyncResponse.swift */,
				622CA1741CAEBED10074F704 /* C8oResponseCblListener.swift */,
				62057A201CB53DA0004AE521 /* FullSyncEnum.swift */,
				62057A251CB63E7B004AE521 /* VoidResponse.swift */,
				62DE2D171CB6B4130026C3B1 /* C8oLocalCacheResponse.swift */,
			);
			path = C8oSDKiOS;
			sourceTree = "<group>";
		};
		62CD2A551C6207AD009E9F7E /* C8oSDKiOSTests */ = {
			isa = PBXGroup;
			children = (
				62CD2A561C6207AD009E9F7E /* C8oSDKiOSTests.swift */,
				62CD2A581C6207AD009E9F7E /* Info.plist */,
			);
			path = C8oSDKiOSTests;
			sourceTree = "<group>";
		};
		62CD2A661C620960009E9F7E /* C8oSDKTestApp */ = {
			isa = PBXGroup;
			children = (
				62CD2A671C620960009E9F7E /* AppDelegate.swift */,
				62CD2A691C620960009E9F7E /* ViewController.swift */,
				62CD2A6B1C620960009E9F7E /* Main.storyboard */,
				62CD2A6E1C620961009E9F7E /* Assets.xcassets */,
				62CD2A701C620961009E9F7E /* LaunchScreen.storyboard */,
				62CD2A731C620961009E9F7E /* Info.plist */,
			);
			path = C8oSDKTestApp;
			sourceTree = "<group>";
		};
		62CD2A7B1C620961009E9F7E /* C8oSDKTestAppTests */ = {
			isa = PBXGroup;
			children = (
				62CD2A7C1C620961009E9F7E /* C8oSDKTestAppTests.swift */,
				62CD2A7E1C620961009E9F7E /* Info.plist */,
			);
			path = C8oSDKTestAppTests;
			sourceTree = "<group>";
		};
		62CD2A861C620961009E9F7E /* C8oSDKTestAppUITests */ = {
			isa = PBXGroup;
			children = (
				62CD2A871C620961009E9F7E /* C8oSDKTestAppUITests.swift */,
				62CD2A891C620961009E9F7E /* Info.plist */,
			);
			path = C8oSDKTestAppUITests;
			sourceTree = "<group>";
		};
		62CD2BA01C635D02009E9F7E /* Pods */ = {
			isa = PBXGroup;
			children = (
				62CD2BA11C635D02009E9F7E /* Alamofire */,
				62CD2BB31C635D02009E9F7E /* couchbase-lite-ios */,
				62CD2BB71C635D02009E9F7E /* Headers */,
				62CD2BD01C635D02009E9F7E /* Local Podspecs */,
				62CD2BD11C635D02009E9F7E /* Manifest.lock */,
				62CD2BD21C635D02009E9F7E /* Pods.xcodeproj */,
				62CD2BD51C635D02009E9F7E /* Target Support Files */,
			);
			path = Pods;
			sourceTree = "<group>";
		};
		62CD2BA11C635D02009E9F7E /* Alamofire */ = {
			isa = PBXGroup;
			children = (
				62CD2BA21C635D02009E9F7E /* LICENSE */,
				62CD2BA31C635D02009E9F7E /* README.md */,
				62CD2BA41C635D02009E9F7E /* Source */,
			);
			path = Alamofire;
			sourceTree = "<group>";
		};
		62CD2BA41C635D02009E9F7E /* Source */ = {
			isa = PBXGroup;
			children = (
				62CD2BA51C635D02009E9F7E /* Alamofire.swift */,
				62CD2BA61C635D02009E9F7E /* Download.swift */,
				62CD2BA71C635D02009E9F7E /* Error.swift */,
				62CD2BA81C635D02009E9F7E /* Manager.swift */,
				62CD2BA91C635D02009E9F7E /* MultipartFormData.swift */,
				62CD2BAA1C635D02009E9F7E /* ParameterEncoding.swift */,
				62CD2BAB1C635D02009E9F7E /* Request.swift */,
				62CD2BAC1C635D02009E9F7E /* Response.swift */,
				62CD2BAD1C635D02009E9F7E /* ResponseSerialization.swift */,
				62CD2BAE1C635D02009E9F7E /* Result.swift */,
				62CD2BAF1C635D02009E9F7E /* ServerTrustPolicy.swift */,
				62CD2BB01C635D02009E9F7E /* Stream.swift */,
				62CD2BB11C635D02009E9F7E /* Upload.swift */,
				62CD2BB21C635D02009E9F7E /* Validation.swift */,
			);
			path = Source;
			sourceTree = "<group>";
		};
		62CD2BB31C635D02009E9F7E /* couchbase-lite-ios */ = {
			isa = PBXGroup;
			children = (
				62CD2BB41C635D02009E9F7E /* CouchbaseLite.framework */,
				62CD2BB51C635D02009E9F7E /* LICENSE.txt */,
				62CD2BB61C635D02009E9F7E /* README.md */,
			);
			path = "couchbase-lite-ios";
			sourceTree = "<group>";
		};
		62CD2BB71C635D02009E9F7E /* Headers */ = {
			isa = PBXGroup;
			children = (
				62CD2BB81C635D02009E9F7E /* Public */,
			);
			path = Headers;
			sourceTree = "<group>";
		};
		62CD2BB81C635D02009E9F7E /* Public */ = {
			isa = PBXGroup;
			children = (
				62CD2BB91C635D02009E9F7E /* couchbase-lite-ios */,
			);
			path = Public;
			sourceTree = "<group>";
		};
		62CD2BB91C635D02009E9F7E /* couchbase-lite-ios */ = {
			isa = PBXGroup;
			children = (
				62CD2BBA1C635D02009E9F7E /* CouchbaseLite */,
			);
			path = "couchbase-lite-ios";
			sourceTree = "<group>";
		};
		62CD2BBA1C635D02009E9F7E /* CouchbaseLite */ = {
			isa = PBXGroup;
			children = (
				62CD2BBB1C635D02009E9F7E /* CBLAttachment.h */,
				62CD2BBC1C635D02009E9F7E /* CBLAuthenticator.h */,
				62CD2BBD1C635D02009E9F7E /* CBLBase.h */,
				62CD2BBE1C635D02009E9F7E /* CBLDatabase.h */,
				62CD2BBF1C635D02009E9F7E /* CBLDatabaseChange.h */,
				62CD2BC01C635D02009E9F7E /* CBLDocument.h */,
				62CD2BC11C635D02009E9F7E /* CBLGeometry.h */,
				62CD2BC21C635D02009E9F7E /* CBLJSON.h */,
				62CD2BC31C635D02009E9F7E /* CBLManager.h */,
				62CD2BC41C635D02009E9F7E /* CBLModel.h */,
				62CD2BC51C635D02009E9F7E /* CBLModelFactory.h */,
				62CD2BC61C635D02009E9F7E /* CBLQuery+FullTextSearch.h */,
				62CD2BC71C635D02009E9F7E /* CBLQuery+Geo.h */,
				62CD2BC81C635D02009E9F7E /* CBLQuery.h */,
				62CD2BC91C635D02009E9F7E /* CBLQueryBuilder.h */,
				62CD2BCA1C635D02009E9F7E /* CBLReplication.h */,
				62CD2BCB1C635D02009E9F7E /* CBLRevision.h */,
				62CD2BCC1C635D02009E9F7E /* CBLUITableSource.h */,
				62CD2BCD1C635D02009E9F7E /* CBLView.h */,
				62CD2BCE1C635D02009E9F7E /* CouchbaseLite.h */,
				62CD2BCF1C635D02009E9F7E /* MYDynamicObject.h */,
			);
			path = CouchbaseLite;
			sourceTree = "<group>";
		};
		62CD2BD01C635D02009E9F7E /* Local Podspecs */ = {
			isa = PBXGroup;
			children = (
			);
			path = "Local Podspecs";
			sourceTree = "<group>";
		};
		62CD2BD31C635D02009E9F7E /* Products */ = {
			isa = PBXGroup;
			children = (
				376688241CBD3C3A004FD9A2 /* AEXML.framework */,
				62CD2BF71C635D02009E9F7E /* Alamofire.framework */,
				62CD2BFB1C635D02009E9F7E /* Pods_C8oSDKiOS.framework */,
				6222327B1C651257001D2EA1 /* SwiftyJSON.framework */,
			);
			name = Products;
			sourceTree = "<group>";
		};
		62CD2BD51C635D02009E9F7E /* Target Support Files */ = {
			isa = PBXGroup;
			children = (
				62CD2BD61C635D02009E9F7E /* Alamofire */,
				62CD2BDD1C635D02009E9F7E /* Pods */,
				62CD2BE81C635D02009E9F7E /* Pods-C8oSDKiOS */,
			);
			path = "Target Support Files";
			sourceTree = "<group>";
		};
		62CD2BD61C635D02009E9F7E /* Alamofire */ = {
			isa = PBXGroup;
			children = (
				62CD2BD71C635D02009E9F7E /* Alamofire-dummy.m */,
				62CD2BD81C635D02009E9F7E /* Alamofire-prefix.pch */,
				62CD2BD91C635D02009E9F7E /* Alamofire-umbrella.h */,
				62CD2BDA1C635D02009E9F7E /* Alamofire.modulemap */,
				62CD2BDB1C635D02009E9F7E /* Alamofire.xcconfig */,
				62CD2BDC1C635D02009E9F7E /* Info.plist */,
			);
			path = Alamofire;
			sourceTree = "<group>";
		};
		62CD2BDD1C635D02009E9F7E /* Pods */ = {
			isa = PBXGroup;
			children = (
				62CD2BDE1C635D02009E9F7E /* Info.plist */,
				62CD2BDF1C635D02009E9F7E /* Pods-acknowledgements.markdown */,
				62CD2BE01C635D02009E9F7E /* Pods-acknowledgements.plist */,
				62CD2BE11C635D02009E9F7E /* Pods-dummy.m */,
				62CD2BE21C635D02009E9F7E /* Pods-frameworks.sh */,
				62CD2BE31C635D02009E9F7E /* Pods-resources.sh */,
				62CD2BE41C635D02009E9F7E /* Pods-umbrella.h */,
				62CD2BE51C635D02009E9F7E /* Pods.debug.xcconfig */,
				62CD2BE61C635D02009E9F7E /* Pods.modulemap */,
				62CD2BE71C635D02009E9F7E /* Pods.release.xcconfig */,
			);
			path = Pods;
			sourceTree = "<group>";
		};
		62CD2BE81C635D02009E9F7E /* Pods-C8oSDKiOS */ = {
			isa = PBXGroup;
			children = (
				62CD2BE91C635D02009E9F7E /* Info.plist */,
				62CD2BEA1C635D02009E9F7E /* Pods-C8oSDKiOS-acknowledgements.markdown */,
				62CD2BEB1C635D02009E9F7E /* Pods-C8oSDKiOS-acknowledgements.plist */,
				62CD2BEC1C635D02009E9F7E /* Pods-C8oSDKiOS-dummy.m */,
				62CD2BED1C635D02009E9F7E /* Pods-C8oSDKiOS-frameworks.sh */,
				62CD2BEE1C635D02009E9F7E /* Pods-C8oSDKiOS-resources.sh */,
				62CD2BEF1C635D02009E9F7E /* Pods-C8oSDKiOS-umbrella.h */,
				62CD2BF01C635D02009E9F7E /* Pods-C8oSDKiOS.debug.xcconfig */,
				62CD2BF11C635D02009E9F7E /* Pods-C8oSDKiOS.modulemap */,
				62CD2BF21C635D02009E9F7E /* Pods-C8oSDKiOS.release.xcconfig */,
			);
			path = "Pods-C8oSDKiOS";
			sourceTree = "<group>";
		};
		62EDE92B1C762CEE00D9213F /* Internal */ = {
			isa = PBXGroup;
			children = (
				62EDE92C1C762EE500D9213F /* C8oExceptionMessage.swift */,
				62EDE9291C76239000D9213F /* C8oCallTask.swift */,
				62EDE9301C762FFE00D9213F /* C8oFileManager.swift */,
				62EDE9321C76314200D9213F /* C8oFullSync.swift */,
				62EDE9351C771F6200D9213F /* C8oFullSyncEnum.swift */,
				62EDE9371C77202F00D9213F /* C8oFullSyncHttp.swift */,
				620F6D0E1C7763B600683D0F /* FullSyncUtils.swift */,
				620F6D131C77666800683D0F /* C8oHttpInterface.swift */,
				620F6D151C776E0500683D0F /* C8OTranslator.swift */,
				620F6D171C7771B300683D0F /* C8oUtils.swift */,
				37F523B31C9ABE19007952C3 /* C8oCookieStorage.swift */,
			);
			name = Internal;
			sourceTree = "<group>";
		};
		E6DF9BBC5E8E811396C19469 /* Pods */ = {
			isa = PBXGroup;
			children = (
				7CE1A3C0E60462F140575CFB /* Pods-C8oSDKiOS.debug.xcconfig */,
				F1F795A1F44565BEA6556CA1 /* Pods-C8oSDKiOS.release.xcconfig */,
			);
			name = Pods;
			sourceTree = "<group>";
		};
/* End PBXGroup section */

/* Begin PBXHeadersBuildPhase section */
		62CD2A441C6207AC009E9F7E /* Headers */ = {
			isa = PBXHeadersBuildPhase;
			buildActionMask = 2147483647;
			files = (
				62CD2B5B1C63504D009E9F7E /* libz.1.dylib in Headers */,
				62CD2B5C1C63505E009E9F7E /* libsqlite3.dylib in Headers */,
				62CD2B241C625542009E9F7E /* SystemConfiguration.framework in Headers */,
				62CD2B251C625547009E9F7E /* CFNetwork.framework in Headers */,
				62CD2B261C625556009E9F7E /* Security.framework in Headers */,
				62CD2B231C6254E4009E9F7E /* CouchbaseLite.framework in Headers */,
				62CD2A4B1C6207AD009E9F7E /* C8oSDKiOS.h in Headers */,
			);
			runOnlyForDeploymentPostprocessing = 0;
		};
/* End PBXHeadersBuildPhase section */

/* Begin PBXNativeTarget section */
		623C74381C86DBB600E691B0 /* ObjC */ = {
			isa = PBXNativeTarget;
			buildConfigurationList = 623C744D1C86DBB600E691B0 /* Build configuration list for PBXNativeTarget "ObjC" */;
			buildPhases = (
				623C74351C86DBB600E691B0 /* Sources */,
				623C74361C86DBB600E691B0 /* Frameworks */,
				623C74371C86DBB600E691B0 /* Resources */,
			);
			buildRules = (
			);
			dependencies = (
			);
			name = ObjC;
			productName = ObjC;
			productReference = 623C74391C86DBB600E691B0 /* ObjC.app */;
			productType = "com.apple.product-type.application";
		};
		62CD2A461C6207AC009E9F7E /* C8oSDKiOS */ = {
			isa = PBXNativeTarget;
			buildConfigurationList = 62CD2A5B1C6207AD009E9F7E /* Build configuration list for PBXNativeTarget "C8oSDKiOS" */;
			buildPhases = (
				871243579CE41AE44ECCEC6B /* Check Pods Manifest.lock */,
				62CD2A421C6207AC009E9F7E /* Sources */,
				62CD2A431C6207AC009E9F7E /* Frameworks */,
				62CD2A441C6207AC009E9F7E /* Headers */,
				62CD2A451C6207AC009E9F7E /* Resources */,
				A6BC0877FB7B6CD2E282DD90 /* Copy Pods Resources */,
			);
			buildRules = (
			);
			dependencies = (
			);
			name = C8oSDKiOS;
			productName = C8oSDKiOS;
			productReference = 62CD2A471C6207AD009E9F7E /* C8o.framework */;
			productType = "com.apple.product-type.framework";
		};
		62CD2A501C6207AD009E9F7E /* C8oSDKiOSTests */ = {
			isa = PBXNativeTarget;
			buildConfigurationList = 62CD2A5E1C6207AD009E9F7E /* Build configuration list for PBXNativeTarget "C8oSDKiOSTests" */;
			buildPhases = (
				62CD2A4D1C6207AD009E9F7E /* Sources */,
				62CD2A4E1C6207AD009E9F7E /* Frameworks */,
				62CD2A4F1C6207AD009E9F7E /* Resources */,
			);
			buildRules = (
			);
			dependencies = (
				62CD2A541C6207AD009E9F7E /* PBXTargetDependency */,
			);
			name = C8oSDKiOSTests;
			productName = C8oSDKiOSTests;
			productReference = 62CD2A511C6207AD009E9F7E /* C8oSDKiOSTests.xctest */;
			productType = "com.apple.product-type.bundle.unit-test";
		};
		62CD2A641C620960009E9F7E /* C8oSDKTestApp */ = {
			isa = PBXNativeTarget;
			buildConfigurationList = 62CD2A8A1C620961009E9F7E /* Build configuration list for PBXNativeTarget "C8oSDKTestApp" */;
			buildPhases = (
				62CD2A611C620960009E9F7E /* Sources */,
				62CD2A621C620960009E9F7E /* Frameworks */,
				62CD2A631C620960009E9F7E /* Resources */,
				6268493E1C7B49D900872D34 /* Embed Frameworks */,
			);
			buildRules = (
			);
			dependencies = (
				6268493D1C7B49D900872D34 /* PBXTargetDependency */,
				626849451C7B4F7400872D34 /* PBXTargetDependency */,
				626849491C7B4F7A00872D34 /* PBXTargetDependency */,
			);
			name = C8oSDKTestApp;
			productName = C8oSDKTestApp;
			productReference = 62CD2A651C620960009E9F7E /* C8oSDKTestApp.app */;
			productType = "com.apple.product-type.application";
		};
		62CD2A771C620961009E9F7E /* C8oSDKTestAppTests */ = {
			isa = PBXNativeTarget;
			buildConfigurationList = 62CD2A8D1C620961009E9F7E /* Build configuration list for PBXNativeTarget "C8oSDKTestAppTests" */;
			buildPhases = (
				62CD2A741C620961009E9F7E /* Sources */,
				62CD2A751C620961009E9F7E /* Frameworks */,
				62CD2A761C620961009E9F7E /* Resources */,
			);
			buildRules = (
			);
			dependencies = (
				62CD2A7A1C620961009E9F7E /* PBXTargetDependency */,
			);
			name = C8oSDKTestAppTests;
			productName = C8oSDKTestAppTests;
			productReference = 62CD2A781C620961009E9F7E /* C8oSDKTestAppTests.xctest */;
			productType = "com.apple.product-type.bundle.unit-test";
		};
		62CD2A821C620961009E9F7E /* C8oSDKTestAppUITests */ = {
			isa = PBXNativeTarget;
			buildConfigurationList = 62CD2A901C620961009E9F7E /* Build configuration list for PBXNativeTarget "C8oSDKTestAppUITests" */;
			buildPhases = (
				62CD2A7F1C620961009E9F7E /* Sources */,
				62CD2A801C620961009E9F7E /* Frameworks */,
				62CD2A811C620961009E9F7E /* Resources */,
			);
			buildRules = (
			);
			dependencies = (
				62CD2A851C620961009E9F7E /* PBXTargetDependency */,
			);
			name = C8oSDKTestAppUITests;
			productName = C8oSDKTestAppUITests;
			productReference = 62CD2A831C620961009E9F7E /* C8oSDKTestAppUITests.xctest */;
			productType = "com.apple.product-type.bundle.ui-testing";
		};
/* End PBXNativeTarget section */

/* Begin PBXProject section */
		62CD2A3E1C6207AC009E9F7E /* Project object */ = {
			isa = PBXProject;
			attributes = {
				LastSwiftUpdateCheck = 0720;
				LastUpgradeCheck = 0720;
				ORGANIZATIONNAME = Convertigo;
				TargetAttributes = {
					623C74381C86DBB600E691B0 = {
						CreatedOnToolsVersion = 7.2.1;
					};
					62CD2A461C6207AC009E9F7E = {
						CreatedOnToolsVersion = 7.2;
					};
					62CD2A501C6207AD009E9F7E = {
						CreatedOnToolsVersion = 7.2;
					};
					62CD2A641C620960009E9F7E = {
						CreatedOnToolsVersion = 7.2;
					};
					62CD2A771C620961009E9F7E = {
						CreatedOnToolsVersion = 7.2;
						TestTargetID = 62CD2A641C620960009E9F7E;
					};
					62CD2A821C620961009E9F7E = {
						CreatedOnToolsVersion = 7.2;
						DevelopmentTeam = 45Y6M662WE;
						TestTargetID = 62CD2A641C620960009E9F7E;
					};
				};
			};
			buildConfigurationList = 62CD2A411C6207AC009E9F7E /* Build configuration list for PBXProject "C8oSDKiOS" */;
			compatibilityVersion = "Xcode 3.2";
			developmentRegion = English;
			hasScannedForEncodings = 0;
			knownRegions = (
				en,
				Base,
			);
			mainGroup = 62CD2A3D1C6207AC009E9F7E;
			productRefGroup = 62CD2A481C6207AD009E9F7E /* Products */;
			projectDirPath = "";
			projectReferences = (
				{
					ProductGroup = 62CD2BD31C635D02009E9F7E /* Products */;
					ProjectRef = 62CD2BD21C635D02009E9F7E /* Pods.xcodeproj */;
				},
			);
			projectRoot = "";
			targets = (
				62CD2A461C6207AC009E9F7E /* C8oSDKiOS */,
				62CD2A501C6207AD009E9F7E /* C8oSDKiOSTests */,
				62CD2A641C620960009E9F7E /* C8oSDKTestApp */,
				62CD2A771C620961009E9F7E /* C8oSDKTestAppTests */,
				62CD2A821C620961009E9F7E /* C8oSDKTestAppUITests */,
				623C74381C86DBB600E691B0 /* ObjC */,
			);
		};
/* End PBXProject section */

/* Begin PBXReferenceProxy section */
		376688241CBD3C3A004FD9A2 /* AEXML.framework */ = {
			isa = PBXReferenceProxy;
			fileType = wrapper.framework;
			path = AEXML.framework;
			remoteRef = 376688231CBD3C3A004FD9A2 /* PBXContainerItemProxy */;
			sourceTree = BUILT_PRODUCTS_DIR;
		};
		6222327B1C651257001D2EA1 /* SwiftyJSON.framework */ = {
			isa = PBXReferenceProxy;
			fileType = wrapper.framework;
			path = SwiftyJSON.framework;
			remoteRef = 6222327A1C651257001D2EA1 /* PBXContainerItemProxy */;
			sourceTree = BUILT_PRODUCTS_DIR;
		};
		62CD2BF71C635D02009E9F7E /* Alamofire.framework */ = {
			isa = PBXReferenceProxy;
			fileType = wrapper.framework;
			path = Alamofire.framework;
			remoteRef = 62CD2BF61C635D02009E9F7E /* PBXContainerItemProxy */;
			sourceTree = BUILT_PRODUCTS_DIR;
		};
		62CD2BFB1C635D02009E9F7E /* Pods_C8oSDKiOS.framework */ = {
			isa = PBXReferenceProxy;
			fileType = wrapper.framework;
			path = Pods_C8oSDKiOS.framework;
			remoteRef = 62CD2BFA1C635D02009E9F7E /* PBXContainerItemProxy */;
			sourceTree = BUILT_PRODUCTS_DIR;
		};
/* End PBXReferenceProxy section */

/* Begin PBXResourcesBuildPhase section */
		623C74371C86DBB600E691B0 /* Resources */ = {
			isa = PBXResourcesBuildPhase;
			buildActionMask = 2147483647;
			files = (
				623C744B1C86DBB600E691B0 /* LaunchScreen.storyboard in Resources */,
				623C74481C86DBB600E691B0 /* Assets.xcassets in Resources */,
				623C74461C86DBB600E691B0 /* Main.storyboard in Resources */,
			);
			runOnlyForDeploymentPostprocessing = 0;
		};
		62CD2A451C6207AC009E9F7E /* Resources */ = {
			isa = PBXResourcesBuildPhase;
			buildActionMask = 2147483647;
			files = (
				62CD2A971C6210D6009E9F7E /* PodFile in Resources */,
			);
			runOnlyForDeploymentPostprocessing = 0;
		};
		62CD2A4F1C6207AD009E9F7E /* Resources */ = {
			isa = PBXResourcesBuildPhase;
			buildActionMask = 2147483647;
			files = (
			);
			runOnlyForDeploymentPostprocessing = 0;
		};
		62CD2A631C620960009E9F7E /* Resources */ = {
			isa = PBXResourcesBuildPhase;
			buildActionMask = 2147483647;
			files = (
				62CD2A721C620961009E9F7E /* LaunchScreen.storyboard in Resources */,
				62CD2A6F1C620961009E9F7E /* Assets.xcassets in Resources */,
				62CD2A6D1C620960009E9F7E /* Main.storyboard in Resources */,
			);
			runOnlyForDeploymentPostprocessing = 0;
		};
		62CD2A761C620961009E9F7E /* Resources */ = {
			isa = PBXResourcesBuildPhase;
			buildActionMask = 2147483647;
			files = (
			);
			runOnlyForDeploymentPostprocessing = 0;
		};
		62CD2A811C620961009E9F7E /* Resources */ = {
			isa = PBXResourcesBuildPhase;
			buildActionMask = 2147483647;
			files = (
			);
			runOnlyForDeploymentPostprocessing = 0;
		};
/* End PBXResourcesBuildPhase section */

/* Begin PBXShellScriptBuildPhase section */
		871243579CE41AE44ECCEC6B /* Check Pods Manifest.lock */ = {
			isa = PBXShellScriptBuildPhase;
			buildActionMask = 2147483647;
			files = (
			);
			inputPaths = (
			);
			name = "Check Pods Manifest.lock";
			outputPaths = (
			);
			runOnlyForDeploymentPostprocessing = 0;
			shellPath = /bin/sh;
			shellScript = "diff \"${PODS_ROOT}/../Podfile.lock\" \"${PODS_ROOT}/Manifest.lock\" > /dev/null\nif [[ $? != 0 ]] ; then\n    cat << EOM\nerror: The sandbox is not in sync with the Podfile.lock. Run 'pod install' or update your CocoaPods installation.\nEOM\n    exit 1\nfi\n";
			showEnvVarsInLog = 0;
		};
		A6BC0877FB7B6CD2E282DD90 /* Copy Pods Resources */ = {
			isa = PBXShellScriptBuildPhase;
			buildActionMask = 2147483647;
			files = (
			);
			inputPaths = (
			);
			name = "Copy Pods Resources";
			outputPaths = (
			);
			runOnlyForDeploymentPostprocessing = 0;
			shellPath = /bin/sh;
			shellScript = "\"${SRCROOT}/Pods/Target Support Files/Pods-C8oSDKiOS/Pods-C8oSDKiOS-resources.sh\"\n";
			showEnvVarsInLog = 0;
		};
/* End PBXShellScriptBuildPhase section */

/* Begin PBXSourcesBuildPhase section */
		623C74351C86DBB600E691B0 /* Sources */ = {
			isa = PBXSourcesBuildPhase;
			buildActionMask = 2147483647;
			files = (
				623C74431C86DBB600E691B0 /* ViewController.m in Sources */,
				623C74401C86DBB600E691B0 /* AppDelegate.m in Sources */,
				623C743D1C86DBB600E691B0 /* main.m in Sources */,
			);
			runOnlyForDeploymentPostprocessing = 0;
		};
		62CD2A421C6207AC009E9F7E /* Sources */ = {
			isa = PBXSourcesBuildPhase;
			buildActionMask = 2147483647;
			files = (
				620F6D181C7771B300683D0F /* C8oUtils.swift in Sources */,
				62EDE91F1C76141500D9213F /* C8oResponseProgressListener.swift in Sources */,
				62EDE9271C761D7500D9213F /* Exceptions.swift in Sources */,
				622CA1731CAEB8340074F704 /* C8o.swift in Sources */,
				623C740E1C7C94E900E691B0 /* C8oFullSyncDatabase.swift in Sources */,
				62EDE9231C76153000D9213F /* C8oSettings.swift in Sources */,
				622CA1751CAEBED10074F704 /* C8oResponseCblListener.swift in Sources */,
				62EDE92A1C76239000D9213F /* C8oCallTask.swift in Sources */,
				62EDE9041C7481ED00D9213F /* C8oExceptionListener.swift in Sources */,
				62EDE9381C77202F00D9213F /* C8oFullSyncHttp.swift in Sources */,
				62EDE9171C75FF3700D9213F /* C8oPromiseSync.swift in Sources */,
				62EDE9331C76314200D9213F /* C8oFullSync.swift in Sources */,
				62DE2D181CB6B4130026C3B1 /* C8oLocalCacheResponse.swift in Sources */,
				622CA1661CAD54580074F704 /* FullSyncResponse.swift in Sources */,
				620F6D141C77666800683D0F /* C8oHttpInterface.swift in Sources */,
				62057A211CB53DA0004AE521 /* FullSyncEnum.swift in Sources */,
				62EDE91D1C7613E500D9213F /* C8oResponseListener.swift in Sources */,
				62EDE9131C75F99800D9213F /* C8oPromise.swift in Sources */,
				62EDE92D1C762EE500D9213F /* C8oExceptionMessage.swift in Sources */,
				62EDE9251C761BF700D9213F /* Delegates.swift in Sources */,
				62EDE9191C75FF5100D9213F /* C8oPromiseFailSync.swift in Sources */,
				62EDE91B1C76114B00D9213F /* C8oResponseJsonListener.swift in Sources */,
				37F523B41C9ABE19007952C3 /* C8oCookieStorage.swift in Sources */,
				620F6D161C776E0500683D0F /* C8OTranslator.swift in Sources */,
				62EDE90D1C74D88000D9213F /* C8oFullSyncTranslator.swift in Sources */,
				623C74101C7CD02100E691B0 /* C8oLogger.swift in Sources */,
				62057A261CB63E7B004AE521 /* VoidResponse.swift in Sources */,
				62EDE9211C76149A00D9213F /* C8oResponseXmlListener.swift in Sources */,
				62EDE90F1C75C5BD00D9213F /* C8oLocalCache.swift in Sources */,
				62EDE9111C75DA0200D9213F /* C8oProgress.swift in Sources */,
				620F6D0F1C7763B600683D0F /* FullSyncUtils.swift in Sources */,
				622232801C6B29E2001D2EA1 /* C8oBase.swift in Sources */,
				623C740B1C7C932900E691B0 /* C8oFullSyncCbl.swift in Sources */,
				622232861C6B2A00001D2EA1 /* Queue.swift in Sources */,
				62EDE9091C7482B300D9213F /* C8oFileTransfer.swift in Sources */,
				62EDE9361C771F6200D9213F /* C8oFullSyncEnum.swift in Sources */,
				62EDE90B1C74D3AB00D9213F /* C8oFileTransferStatus.swift in Sources */,
				62EDE9311C762FFE00D9213F /* C8oFileManager.swift in Sources */,
			);
			runOnlyForDeploymentPostprocessing = 0;
		};
		62CD2A4D1C6207AD009E9F7E /* Sources */ = {
			isa = PBXSourcesBuildPhase;
			buildActionMask = 2147483647;
			files = (
				62CD2A571C6207AD009E9F7E /* C8oSDKiOSTests.swift in Sources */,
			);
			runOnlyForDeploymentPostprocessing = 0;
		};
		62CD2A611C620960009E9F7E /* Sources */ = {
			isa = PBXSourcesBuildPhase;
			buildActionMask = 2147483647;
			files = (
				62CD2A6A1C620960009E9F7E /* ViewController.swift in Sources */,
				62CD2A681C620960009E9F7E /* AppDelegate.swift in Sources */,
			);
			runOnlyForDeploymentPostprocessing = 0;
		};
		62CD2A741C620961009E9F7E /* Sources */ = {
			isa = PBXSourcesBuildPhase;
			buildActionMask = 2147483647;
			files = (
				62CD2A7D1C620961009E9F7E /* C8oSDKTestAppTests.swift in Sources */,
			);
			runOnlyForDeploymentPostprocessing = 0;
		};
		62CD2A7F1C620961009E9F7E /* Sources */ = {
			isa = PBXSourcesBuildPhase;
			buildActionMask = 2147483647;
			files = (
				62CD2A881C620961009E9F7E /* C8oSDKTestAppUITests.swift in Sources */,
			);
			runOnlyForDeploymentPostprocessing = 0;
		};
/* End PBXSourcesBuildPhase section */

/* Begin PBXTargetDependency section */
		6268493D1C7B49D900872D34 /* PBXTargetDependency */ = {
			isa = PBXTargetDependency;
			target = 62CD2A461C6207AC009E9F7E /* C8oSDKiOS */;
			targetProxy = 6268493C1C7B49D900872D34 /* PBXContainerItemProxy */;
		};
		626849451C7B4F7400872D34 /* PBXTargetDependency */ = {
			isa = PBXTargetDependency;
			name = Alamofire;
			targetProxy = 626849441C7B4F7400872D34 /* PBXContainerItemProxy */;
		};
		626849491C7B4F7A00872D34 /* PBXTargetDependency */ = {
			isa = PBXTargetDependency;
			name = SwiftyJSON;
			targetProxy = 626849481C7B4F7A00872D34 /* PBXContainerItemProxy */;
		};
		62CD2A541C6207AD009E9F7E /* PBXTargetDependency */ = {
			isa = PBXTargetDependency;
			target = 62CD2A461C6207AC009E9F7E /* C8oSDKiOS */;
			targetProxy = 62CD2A531C6207AD009E9F7E /* PBXContainerItemProxy */;
		};
		62CD2A7A1C620961009E9F7E /* PBXTargetDependency */ = {
			isa = PBXTargetDependency;
			target = 62CD2A641C620960009E9F7E /* C8oSDKTestApp */;
			targetProxy = 62CD2A791C620961009E9F7E /* PBXContainerItemProxy */;
		};
		62CD2A851C620961009E9F7E /* PBXTargetDependency */ = {
			isa = PBXTargetDependency;
			target = 62CD2A641C620960009E9F7E /* C8oSDKTestApp */;
			targetProxy = 62CD2A841C620961009E9F7E /* PBXContainerItemProxy */;
		};
/* End PBXTargetDependency section */

/* Begin PBXVariantGroup section */
		623C74441C86DBB600E691B0 /* Main.storyboard */ = {
			isa = PBXVariantGroup;
			children = (
				623C74451C86DBB600E691B0 /* Base */,
			);
			name = Main.storyboard;
			sourceTree = "<group>";
		};
		623C74491C86DBB600E691B0 /* LaunchScreen.storyboard */ = {
			isa = PBXVariantGroup;
			children = (
				623C744A1C86DBB600E691B0 /* Base */,
			);
			name = LaunchScreen.storyboard;
			sourceTree = "<group>";
		};
		62CD2A6B1C620960009E9F7E /* Main.storyboard */ = {
			isa = PBXVariantGroup;
			children = (
				62CD2A6C1C620960009E9F7E /* Base */,
			);
			name = Main.storyboard;
			sourceTree = "<group>";
		};
		62CD2A701C620961009E9F7E /* LaunchScreen.storyboard */ = {
			isa = PBXVariantGroup;
			children = (
				62CD2A711C620961009E9F7E /* Base */,
			);
			name = LaunchScreen.storyboard;
			sourceTree = "<group>";
		};
/* End PBXVariantGroup section */

/* Begin XCBuildConfiguration section */
		623C744E1C86DBB600E691B0 /* Debug */ = {
			isa = XCBuildConfiguration;
			buildSettings = {
				ASSETCATALOG_COMPILER_APPICON_NAME = AppIcon;
				INFOPLIST_FILE = ObjC/Info.plist;
				IPHONEOS_DEPLOYMENT_TARGET = 9.2;
				LD_RUNPATH_SEARCH_PATHS = "$(inherited) @executable_path/Frameworks";
				PRODUCT_BUNDLE_IDENTIFIER = com.convertigo.ObjC;
				PRODUCT_NAME = "$(TARGET_NAME)";
			};
			name = Debug;
		};
		623C744F1C86DBB600E691B0 /* Release */ = {
			isa = XCBuildConfiguration;
			buildSettings = {
				ASSETCATALOG_COMPILER_APPICON_NAME = AppIcon;
				INFOPLIST_FILE = ObjC/Info.plist;
				IPHONEOS_DEPLOYMENT_TARGET = 9.2;
				LD_RUNPATH_SEARCH_PATHS = "$(inherited) @executable_path/Frameworks";
				PRODUCT_BUNDLE_IDENTIFIER = com.convertigo.ObjC;
				PRODUCT_NAME = "$(TARGET_NAME)";
			};
			name = Release;
		};
		62CD2A591C6207AD009E9F7E /* Debug */ = {
			isa = XCBuildConfiguration;
			buildSettings = {
				ALWAYS_SEARCH_USER_PATHS = NO;
				CLANG_CXX_LANGUAGE_STANDARD = "gnu++0x";
				CLANG_CXX_LIBRARY = "libc++";
				CLANG_ENABLE_MODULES = YES;
				CLANG_ENABLE_OBJC_ARC = YES;
				CLANG_WARN_BOOL_CONVERSION = YES;
				CLANG_WARN_CONSTANT_CONVERSION = YES;
				CLANG_WARN_DIRECT_OBJC_ISA_USAGE = YES_ERROR;
				CLANG_WARN_EMPTY_BODY = YES;
				CLANG_WARN_ENUM_CONVERSION = YES;
				CLANG_WARN_INT_CONVERSION = YES;
				CLANG_WARN_OBJC_ROOT_CLASS = YES_ERROR;
				CLANG_WARN_UNREACHABLE_CODE = YES;
				CLANG_WARN__DUPLICATE_METHOD_MATCH = YES;
				"CODE_SIGN_IDENTITY[sdk=iphoneos*]" = "iPhone Developer";
				COPY_PHASE_STRIP = NO;
				CURRENT_PROJECT_VERSION = 1;
				DEBUG_INFORMATION_FORMAT = dwarf;
				ENABLE_STRICT_OBJC_MSGSEND = YES;
				ENABLE_TESTABILITY = YES;
				GCC_C_LANGUAGE_STANDARD = gnu99;
				GCC_DYNAMIC_NO_PIC = NO;
				GCC_NO_COMMON_BLOCKS = YES;
				GCC_OPTIMIZATION_LEVEL = 0;
				GCC_PREPROCESSOR_DEFINITIONS = (
					"DEBUG=1",
					"$(inherited)",
				);
				GCC_WARN_64_TO_32_BIT_CONVERSION = YES;
				GCC_WARN_ABOUT_RETURN_TYPE = YES_ERROR;
				GCC_WARN_UNDECLARED_SELECTOR = YES;
				GCC_WARN_UNINITIALIZED_AUTOS = YES_AGGRESSIVE;
				GCC_WARN_UNUSED_FUNCTION = YES;
				GCC_WARN_UNUSED_VARIABLE = YES;
				IPHONEOS_DEPLOYMENT_TARGET = 9.0;
				MTL_ENABLE_DEBUG_INFO = YES;
				ONLY_ACTIVE_ARCH = YES;
				SDKROOT = iphoneos;
				SWIFT_OPTIMIZATION_LEVEL = "-Onone";
				TARGETED_DEVICE_FAMILY = "1,2";
				VERSIONING_SYSTEM = "apple-generic";
				VERSION_INFO_PREFIX = "";
			};
			name = Debug;
		};
		62CD2A5A1C6207AD009E9F7E /* Release */ = {
			isa = XCBuildConfiguration;
			buildSettings = {
				ALWAYS_SEARCH_USER_PATHS = NO;
				CLANG_CXX_LANGUAGE_STANDARD = "gnu++0x";
				CLANG_CXX_LIBRARY = "libc++";
				CLANG_ENABLE_MODULES = YES;
				CLANG_ENABLE_OBJC_ARC = YES;
				CLANG_WARN_BOOL_CONVERSION = YES;
				CLANG_WARN_CONSTANT_CONVERSION = YES;
				CLANG_WARN_DIRECT_OBJC_ISA_USAGE = YES_ERROR;
				CLANG_WARN_EMPTY_BODY = YES;
				CLANG_WARN_ENUM_CONVERSION = YES;
				CLANG_WARN_INT_CONVERSION = YES;
				CLANG_WARN_OBJC_ROOT_CLASS = YES_ERROR;
				CLANG_WARN_UNREACHABLE_CODE = YES;
				CLANG_WARN__DUPLICATE_METHOD_MATCH = YES;
				"CODE_SIGN_IDENTITY[sdk=iphoneos*]" = "iPhone Developer";
				COPY_PHASE_STRIP = NO;
				CURRENT_PROJECT_VERSION = 1;
				DEBUG_INFORMATION_FORMAT = "dwarf-with-dsym";
				ENABLE_NS_ASSERTIONS = NO;
				ENABLE_STRICT_OBJC_MSGSEND = YES;
				GCC_C_LANGUAGE_STANDARD = gnu99;
				GCC_NO_COMMON_BLOCKS = YES;
				GCC_WARN_64_TO_32_BIT_CONVERSION = YES;
				GCC_WARN_ABOUT_RETURN_TYPE = YES_ERROR;
				GCC_WARN_UNDECLARED_SELECTOR = YES;
				GCC_WARN_UNINITIALIZED_AUTOS = YES_AGGRESSIVE;
				GCC_WARN_UNUSED_FUNCTION = YES;
				GCC_WARN_UNUSED_VARIABLE = YES;
				IPHONEOS_DEPLOYMENT_TARGET = 9.0;
				MTL_ENABLE_DEBUG_INFO = NO;
				SDKROOT = iphoneos;
				TARGETED_DEVICE_FAMILY = "1,2";
				VALIDATE_PRODUCT = YES;
				VERSIONING_SYSTEM = "apple-generic";
				VERSION_INFO_PREFIX = "";
			};
			name = Release;
		};
		62CD2A5C1C6207AD009E9F7E /* Debug */ = {
			isa = XCBuildConfiguration;
			baseConfigurationReference = 7CE1A3C0E60462F140575CFB /* Pods-C8oSDKiOS.debug.xcconfig */;
			buildSettings = {
				CLANG_ALLOW_NON_MODULAR_INCLUDES_IN_FRAMEWORK_MODULES = NO;
				CLANG_ENABLE_MODULES = YES;
				DEFINES_MODULE = YES;
				DYLIB_COMPATIBILITY_VERSION = 1;
				DYLIB_CURRENT_VERSION = 1;
				DYLIB_INSTALL_NAME_BASE = "@rpath";
				ENABLE_BITCODE = NO;
				FRAMEWORK_SEARCH_PATHS = (
					"$(inherited)",
					"$(PROJECT_DIR)/build/Debug-iphoneos",
					"$(PROJECT_DIR)/Pods/couchbase-lite-ios",
				);
				INFOPLIST_FILE = C8oSDKiOS/Info.plist;
				INSTALL_PATH = "$(LOCAL_LIBRARY_DIR)/Frameworks";
				LD_RUNPATH_SEARCH_PATHS = "$(inherited) @executable_path/Frameworks @loader_path/Frameworks";
				MODULEMAP_FILE = "";
				OTHER_LDFLAGS = (
					"$(inherited)",
					"-framework",
					"\"Alamofire\"",
					"-ObjC",
				);
				PRODUCT_BUNDLE_IDENTIFIER = com.convertigo.C8oSDKiOS;
				PRODUCT_NAME = C8o;
				SDKROOT = iphoneos9.2;
				SKIP_INSTALL = YES;
				SWIFT_INCLUDE_PATHS = "${SRCROOT}/C8oSDKiOS";
				SWIFT_OBJC_BRIDGING_HEADER = "";
				SWIFT_OBJC_INTERFACE_HEADER_NAME = "C8oSDKiOS-Swift.h";
				SWIFT_OPTIMIZATION_LEVEL = "-Onone";
			};
			name = Debug;
		};
		62CD2A5D1C6207AD009E9F7E /* Release */ = {
			isa = XCBuildConfiguration;
			baseConfigurationReference = F1F795A1F44565BEA6556CA1 /* Pods-C8oSDKiOS.release.xcconfig */;
			buildSettings = {
				CLANG_ALLOW_NON_MODULAR_INCLUDES_IN_FRAMEWORK_MODULES = NO;
				CLANG_ENABLE_MODULES = YES;
				DEFINES_MODULE = YES;
				DYLIB_COMPATIBILITY_VERSION = 1;
				DYLIB_CURRENT_VERSION = 1;
				DYLIB_INSTALL_NAME_BASE = "@rpath";
				ENABLE_BITCODE = NO;
				ENABLE_TESTABILITY = YES;
				FRAMEWORK_SEARCH_PATHS = (
					"$(inherited)",
					"$(PROJECT_DIR)/build/Debug-iphoneos",
					"$(PROJECT_DIR)/Pods/couchbase-lite-ios",
				);
				INFOPLIST_FILE = C8oSDKiOS/Info.plist;
				INSTALL_PATH = "$(LOCAL_LIBRARY_DIR)/Frameworks";
				LD_RUNPATH_SEARCH_PATHS = "$(inherited) @executable_path/Frameworks @loader_path/Frameworks";
				MODULEMAP_FILE = "";
				OTHER_LDFLAGS = (
					"$(inherited)",
					"-framework",
					"\"Alamofire\"",
					"-ObjC",
				);
				PRODUCT_BUNDLE_IDENTIFIER = com.convertigo.C8oSDKiOS;
				PRODUCT_NAME = C8o;
				SDKROOT = iphoneos9.2;
				SKIP_INSTALL = YES;
				SWIFT_INCLUDE_PATHS = "${SRCROOT}/C8oSDKiOS";
				SWIFT_OBJC_BRIDGING_HEADER = "";
				SWIFT_OBJC_INTERFACE_HEADER_NAME = "C8oSDKiOS-Swift.h";
			};
			name = Release;
		};
		62CD2A5F1C6207AD009E9F7E /* Debug */ = {
			isa = XCBuildConfiguration;
			buildSettings = {
				HEADER_SEARCH_PATHS = "$(SDKROOT)/usr/include/libxml2";
				INFOPLIST_FILE = C8oSDKiOSTests/Info.plist;
				LD_RUNPATH_SEARCH_PATHS = "$(inherited) @executable_path/Frameworks @loader_path/Frameworks";
				PRODUCT_BUNDLE_IDENTIFIER = com.convertigo.C8oSDKiOSTests;
				PRODUCT_NAME = "$(TARGET_NAME)";
			};
			name = Debug;
		};
		62CD2A601C6207AD009E9F7E /* Release */ = {
			isa = XCBuildConfiguration;
			buildSettings = {
				HEADER_SEARCH_PATHS = "$(SDKROOT)/usr/include/libxml2";
				INFOPLIST_FILE = C8oSDKiOSTests/Info.plist;
				LD_RUNPATH_SEARCH_PATHS = "$(inherited) @executable_path/Frameworks @loader_path/Frameworks";
				PRODUCT_BUNDLE_IDENTIFIER = com.convertigo.C8oSDKiOSTests;
				PRODUCT_NAME = "$(TARGET_NAME)";
			};
			name = Release;
		};
		62CD2A8B1C620961009E9F7E /* Debug */ = {
			isa = XCBuildConfiguration;
			buildSettings = {
				ASSETCATALOG_COMPILER_APPICON_NAME = AppIcon;
				CLANG_ENABLE_MODULES = YES;
				EMBEDDED_CONTENT_CONTAINS_SWIFT = YES;
				ENABLE_BITCODE = NO;
				FRAMEWORK_SEARCH_PATHS = (
					"$(inherited)",
					"$(PROJECT_DIR)/build/Debug-iphoneos",
					"$(PROJECT_DIR)/Pods/couchbase-lite-ios",
				);
				INFOPLIST_FILE = C8oSDKTestApp/Info.plist;
				IPHONEOS_DEPLOYMENT_TARGET = 9.0;
				LD_RUNPATH_SEARCH_PATHS = "$(inherited) @executable_path/Frameworks";
				PRODUCT_BUNDLE_IDENTIFIER = com.convertigo.C8oSDKTestApp;
				PRODUCT_NAME = "$(TARGET_NAME)";
				SWIFT_OBJC_BRIDGING_HEADER = "";
				SWIFT_OBJC_INTERFACE_HEADER_NAME = "";
				SWIFT_OPTIMIZATION_LEVEL = "-Onone";
			};
			name = Debug;
		};
		62CD2A8C1C620961009E9F7E /* Release */ = {
			isa = XCBuildConfiguration;
			buildSettings = {
				ASSETCATALOG_COMPILER_APPICON_NAME = AppIcon;
				CLANG_ENABLE_MODULES = YES;
				EMBEDDED_CONTENT_CONTAINS_SWIFT = YES;
				ENABLE_BITCODE = NO;
				FRAMEWORK_SEARCH_PATHS = (
					"$(inherited)",
					"$(PROJECT_DIR)/build/Debug-iphoneos",
					"$(PROJECT_DIR)/Pods/couchbase-lite-ios",
				);
				INFOPLIST_FILE = C8oSDKTestApp/Info.plist;
				IPHONEOS_DEPLOYMENT_TARGET = 9.0;
				LD_RUNPATH_SEARCH_PATHS = "$(inherited) @executable_path/Frameworks";
				PRODUCT_BUNDLE_IDENTIFIER = com.convertigo.C8oSDKTestApp;
				PRODUCT_NAME = "$(TARGET_NAME)";
				SWIFT_OBJC_BRIDGING_HEADER = "";
				SWIFT_OBJC_INTERFACE_HEADER_NAME = "";
			};
			name = Release;
		};
		62CD2A8E1C620961009E9F7E /* Debug */ = {
			isa = XCBuildConfiguration;
			buildSettings = {
				BUNDLE_LOADER = "$(TEST_HOST)";
				INFOPLIST_FILE = C8oSDKTestAppTests/Info.plist;
				LD_RUNPATH_SEARCH_PATHS = "$(inherited) @executable_path/Frameworks @loader_path/Frameworks";
				PRODUCT_BUNDLE_IDENTIFIER = com.convertigo.C8oSDKTestAppTests;
				PRODUCT_NAME = "$(TARGET_NAME)";
				TEST_HOST = "$(BUILT_PRODUCTS_DIR)/C8oSDKTestApp.app/C8oSDKTestApp";
			};
			name = Debug;
		};
		62CD2A8F1C620961009E9F7E /* Release */ = {
			isa = XCBuildConfiguration;
			buildSettings = {
				BUNDLE_LOADER = "$(TEST_HOST)";
				INFOPLIST_FILE = C8oSDKTestAppTests/Info.plist;
				LD_RUNPATH_SEARCH_PATHS = "$(inherited) @executable_path/Frameworks @loader_path/Frameworks";
				PRODUCT_BUNDLE_IDENTIFIER = com.convertigo.C8oSDKTestAppTests;
				PRODUCT_NAME = "$(TARGET_NAME)";
				TEST_HOST = "$(BUILT_PRODUCTS_DIR)/C8oSDKTestApp.app/C8oSDKTestApp";
			};
			name = Release;
		};
		62CD2A911C620961009E9F7E /* Debug */ = {
			isa = XCBuildConfiguration;
			buildSettings = {
				CODE_SIGN_IDENTITY = "iPhone Developer";
				"CODE_SIGN_IDENTITY[sdk=iphoneos*]" = "iPhone Developer";
				INFOPLIST_FILE = C8oSDKTestAppUITests/Info.plist;
				LD_RUNPATH_SEARCH_PATHS = "$(inherited) @executable_path/Frameworks @loader_path/Frameworks";
				PRODUCT_BUNDLE_IDENTIFIER = com.convertigo.C8oSDKTestAppUITests;
				PRODUCT_NAME = "$(TARGET_NAME)";
				PROVISIONING_PROFILE = "";
				TEST_TARGET_NAME = C8oSDKTestApp;
				USES_XCTRUNNER = YES;
			};
			name = Debug;
		};
		62CD2A921C620961009E9F7E /* Release */ = {
			isa = XCBuildConfiguration;
			buildSettings = {
				CODE_SIGN_IDENTITY = "iPhone Developer";
				"CODE_SIGN_IDENTITY[sdk=iphoneos*]" = "iPhone Developer";
				INFOPLIST_FILE = C8oSDKTestAppUITests/Info.plist;
				LD_RUNPATH_SEARCH_PATHS = "$(inherited) @executable_path/Frameworks @loader_path/Frameworks";
				PRODUCT_BUNDLE_IDENTIFIER = com.convertigo.C8oSDKTestAppUITests;
				PRODUCT_NAME = "$(TARGET_NAME)";
				PROVISIONING_PROFILE = "";
				TEST_TARGET_NAME = C8oSDKTestApp;
				USES_XCTRUNNER = YES;
			};
			name = Release;
		};
/* End XCBuildConfiguration section */

/* Begin XCConfigurationList section */
		623C744D1C86DBB600E691B0 /* Build configuration list for PBXNativeTarget "ObjC" */ = {
			isa = XCConfigurationList;
			buildConfigurations = (
				623C744E1C86DBB600E691B0 /* Debug */,
				623C744F1C86DBB600E691B0 /* Release */,
			);
			defaultConfigurationIsVisible = 0;
			defaultConfigurationName = Release;
		};
		62CD2A411C6207AC009E9F7E /* Build configuration list for PBXProject "C8oSDKiOS" */ = {
			isa = XCConfigurationList;
			buildConfigurations = (
				62CD2A591C6207AD009E9F7E /* Debug */,
				62CD2A5A1C6207AD009E9F7E /* Release */,
			);
			defaultConfigurationIsVisible = 0;
			defaultConfigurationName = Release;
		};
		62CD2A5B1C6207AD009E9F7E /* Build configuration list for PBXNativeTarget "C8oSDKiOS" */ = {
			isa = XCConfigurationList;
			buildConfigurations = (
				62CD2A5C1C6207AD009E9F7E /* Debug */,
				62CD2A5D1C6207AD009E9F7E /* Release */,
			);
			defaultConfigurationIsVisible = 0;
			defaultConfigurationName = Release;
		};
		62CD2A5E1C6207AD009E9F7E /* Build configuration list for PBXNativeTarget "C8oSDKiOSTests" */ = {
			isa = XCConfigurationList;
			buildConfigurations = (
				62CD2A5F1C6207AD009E9F7E /* Debug */,
				62CD2A601C6207AD009E9F7E /* Release */,
			);
			defaultConfigurationIsVisible = 0;
			defaultConfigurationName = Release;
		};
		62CD2A8A1C620961009E9F7E /* Build configuration list for PBXNativeTarget "C8oSDKTestApp" */ = {
			isa = XCConfigurationList;
			buildConfigurations = (
				62CD2A8B1C620961009E9F7E /* Debug */,
				62CD2A8C1C620961009E9F7E /* Release */,
			);
			defaultConfigurationIsVisible = 0;
			defaultConfigurationName = Release;
		};
		62CD2A8D1C620961009E9F7E /* Build configuration list for PBXNativeTarget "C8oSDKTestAppTests" */ = {
			isa = XCConfigurationList;
			buildConfigurations = (
				62CD2A8E1C620961009E9F7E /* Debug */,
				62CD2A8F1C620961009E9F7E /* Release */,
			);
			defaultConfigurationIsVisible = 0;
			defaultConfigurationName = Release;
		};
		62CD2A901C620961009E9F7E /* Build configuration list for PBXNativeTarget "C8oSDKTestAppUITests" */ = {
			isa = XCConfigurationList;
			buildConfigurations = (
				62CD2A911C620961009E9F7E /* Debug */,
				62CD2A921C620961009E9F7E /* Release */,
			);
			defaultConfigurationIsVisible = 0;
			defaultConfigurationName = Release;
		};
/* End XCConfigurationList section */
	};
	rootObject = 62CD2A3E1C6207AC009E9F7E /* Project object */;
}
