// !$*UTF8*$!
{
	archiveVersion = 1;
	classes = {
	};
	objectVersion = 46;
	objects = {

/* Begin PBXBuildFile section */
		372612EA1DD1D7020092EEC6 /* C8oFullSyncChangeListener.swift in Sources */ = {isa = PBXBuildFile; fileRef = 372612E91DD1D7020092EEC6 /* C8oFullSyncChangeListener.swift */; };
		3766883B1CBE4D34004FD9A2 /* Couchbase-Lite-Bridging-Header.h in Headers */ = {isa = PBXBuildFile; fileRef = 3766883A1CBE4D34004FD9A2 /* Couchbase-Lite-Bridging-Header.h */; };
		376A96061D81B0F600F023D8 /* 4m.jpg in Resources */ = {isa = PBXBuildFile; fileRef = 376A96041D81AD3E00F023D8 /* 4m.jpg */; };
		37F523B41C9ABE19007952C3 /* C8oCookieStorage.swift in Sources */ = {isa = PBXBuildFile; fileRef = 37F523B31C9ABE19007952C3 /* C8oCookieStorage.swift */; };
		62057A211CB53DA0004AE521 /* FullSyncEnum.swift in Sources */ = {isa = PBXBuildFile; fileRef = 62057A201CB53DA0004AE521 /* FullSyncEnum.swift */; };
		62057A261CB63E7B004AE521 /* VoidResponse.swift in Sources */ = {isa = PBXBuildFile; fileRef = 62057A251CB63E7B004AE521 /* VoidResponse.swift */; };
		620F6D141C77666800683D0F /* C8oHttpInterface.swift in Sources */ = {isa = PBXBuildFile; fileRef = 620F6D131C77666800683D0F /* C8oHttpInterface.swift */; };
		620F6D161C776E0500683D0F /* C8oTranslator.swift in Sources */ = {isa = PBXBuildFile; fileRef = 620F6D151C776E0500683D0F /* C8oTranslator.swift */; };
		620F6D181C7771B300683D0F /* C8oUtils.swift in Sources */ = {isa = PBXBuildFile; fileRef = 620F6D171C7771B300683D0F /* C8oUtils.swift */; };
		621C066E1D5A08F100192E90 /* C8oSDK.podspec in Resources */ = {isa = PBXBuildFile; fileRef = 621C066D1D5A08F100192E90 /* C8oSDK.podspec */; };
		622232801C6B29E2001D2EA1 /* C8oBase.swift in Sources */ = {isa = PBXBuildFile; fileRef = 6222327E1C6B29E2001D2EA1 /* C8oBase.swift */; };
		622232861C6B2A00001D2EA1 /* Queue.swift in Sources */ = {isa = PBXBuildFile; fileRef = 622232851C6B2A00001D2EA1 /* Queue.swift */; };
		622CA1661CAD54580074F704 /* FullSyncResponse.swift in Sources */ = {isa = PBXBuildFile; fileRef = 622CA1651CAD54570074F704 /* FullSyncResponse.swift */; };
		622CA1731CAEB8340074F704 /* C8o.swift in Sources */ = {isa = PBXBuildFile; fileRef = 622CA1721CAEB8340074F704 /* C8o.swift */; };
		622CA1751CAEBED10074F704 /* C8oResponseCblListener.swift in Sources */ = {isa = PBXBuildFile; fileRef = 622CA1741CAEBED10074F704 /* C8oResponseCblListener.swift */; };
		62314C6B1D36892C00F200B8 /* C8oFileTransferSettings.swift in Sources */ = {isa = PBXBuildFile; fileRef = 62314C6A1D36892C00F200B8 /* C8oFileTransferSettings.swift */; };
		62314C6D1D36894D00F200B8 /* C8oFileTransferBase.swift in Sources */ = {isa = PBXBuildFile; fileRef = 62314C6C1D36894D00F200B8 /* C8oFileTransferBase.swift */; };
		623C740B1C7C932900E691B0 /* C8oFullSyncCbl.swift in Sources */ = {isa = PBXBuildFile; fileRef = 623C740A1C7C932900E691B0 /* C8oFullSyncCbl.swift */; };
		623C740E1C7C94E900E691B0 /* C8oFullSyncDatabase.swift in Sources */ = {isa = PBXBuildFile; fileRef = 623C740D1C7C94E900E691B0 /* C8oFullSyncDatabase.swift */; };
		623C74101C7CD02100E691B0 /* C8oLogger.swift in Sources */ = {isa = PBXBuildFile; fileRef = 623C740F1C7CD02100E691B0 /* C8oLogger.swift */; };
		626CC7BF1CE4CAD6002ED698 /* libCBLJSViewCompiler.a in Frameworks */ = {isa = PBXBuildFile; fileRef = 626CC7941CE4C5B4002ED698 /* libCBLJSViewCompiler.a */; };
		62CD2A571C6207AD009E9F7E /* C8oSDKiOSTests.swift in Sources */ = {isa = PBXBuildFile; fileRef = 62CD2A561C6207AD009E9F7E /* C8oSDKiOSTests.swift */; };
		62DE2D181CB6B4130026C3B1 /* C8oLocalCacheResponse.swift in Sources */ = {isa = PBXBuildFile; fileRef = 62DE2D171CB6B4130026C3B1 /* C8oLocalCacheResponse.swift */; };
		62EDE9041C7481ED00D9213F /* C8oExceptionListener.swift in Sources */ = {isa = PBXBuildFile; fileRef = 62EDE9031C7481ED00D9213F /* C8oExceptionListener.swift */; };
		62EDE9091C7482B300D9213F /* C8oFileTransfer.swift in Sources */ = {isa = PBXBuildFile; fileRef = 62EDE9081C7482B300D9213F /* C8oFileTransfer.swift */; };
		62EDE90B1C74D3AB00D9213F /* C8oFileTransferStatus.swift in Sources */ = {isa = PBXBuildFile; fileRef = 62EDE90A1C74D3AB00D9213F /* C8oFileTransferStatus.swift */; };
		62EDE90D1C74D88000D9213F /* C8oFullSyncTranslator.swift in Sources */ = {isa = PBXBuildFile; fileRef = 62EDE90C1C74D88000D9213F /* C8oFullSyncTranslator.swift */; };
		62EDE90F1C75C5BD00D9213F /* C8oLocalCache.swift in Sources */ = {isa = PBXBuildFile; fileRef = 62EDE90E1C75C5BD00D9213F /* C8oLocalCache.swift */; };
		62EDE9111C75DA0200D9213F /* C8oProgress.swift in Sources */ = {isa = PBXBuildFile; fileRef = 62EDE9101C75DA0200D9213F /* C8oProgress.swift */; };
		62EDE9131C75F99800D9213F /* C8oPromise.swift in Sources */ = {isa = PBXBuildFile; fileRef = 62EDE9121C75F99800D9213F /* C8oPromise.swift */; };
		62EDE9171C75FF3700D9213F /* C8oPromiseSync.swift in Sources */ = {isa = PBXBuildFile; fileRef = 62EDE9161C75FF3700D9213F /* C8oPromiseSync.swift */; };
		62EDE9191C75FF5100D9213F /* C8oPromiseFailSync.swift in Sources */ = {isa = PBXBuildFile; fileRef = 62EDE9181C75FF5100D9213F /* C8oPromiseFailSync.swift */; };
		62EDE91B1C76114B00D9213F /* C8oResponseJsonListener.swift in Sources */ = {isa = PBXBuildFile; fileRef = 62EDE91A1C76114B00D9213F /* C8oResponseJsonListener.swift */; };
		62EDE91D1C7613E500D9213F /* C8oResponseListener.swift in Sources */ = {isa = PBXBuildFile; fileRef = 62EDE91C1C7613E500D9213F /* C8oResponseListener.swift */; };
		62EDE91F1C76141500D9213F /* C8oResponseProgressListener.swift in Sources */ = {isa = PBXBuildFile; fileRef = 62EDE91E1C76141500D9213F /* C8oResponseProgressListener.swift */; };
		62EDE9211C76149A00D9213F /* C8oResponseXmlListener.swift in Sources */ = {isa = PBXBuildFile; fileRef = 62EDE9201C76149A00D9213F /* C8oResponseXmlListener.swift */; };
		62EDE9231C76153000D9213F /* C8oSettings.swift in Sources */ = {isa = PBXBuildFile; fileRef = 62EDE9221C76153000D9213F /* C8oSettings.swift */; };
		62EDE9251C761BF700D9213F /* Delegates.swift in Sources */ = {isa = PBXBuildFile; fileRef = 62EDE9241C761BF700D9213F /* Delegates.swift */; };
		62EDE9271C761D7500D9213F /* Exceptions.swift in Sources */ = {isa = PBXBuildFile; fileRef = 62EDE9261C761D7500D9213F /* Exceptions.swift */; };
		62EDE92A1C76239000D9213F /* C8oCallTask.swift in Sources */ = {isa = PBXBuildFile; fileRef = 62EDE9291C76239000D9213F /* C8oCallTask.swift */; };
		62EDE92D1C762EE500D9213F /* C8oExceptionMessage.swift in Sources */ = {isa = PBXBuildFile; fileRef = 62EDE92C1C762EE500D9213F /* C8oExceptionMessage.swift */; };
		62EDE9311C762FFE00D9213F /* C8oFileManager.swift in Sources */ = {isa = PBXBuildFile; fileRef = 62EDE9301C762FFE00D9213F /* C8oFileManager.swift */; };
		62EDE9331C76314200D9213F /* C8oFullSync.swift in Sources */ = {isa = PBXBuildFile; fileRef = 62EDE9321C76314200D9213F /* C8oFullSync.swift */; };
		D1E67029367412270B12DFA4 /* Pods_C8oSDKiOS.framework in Frameworks */ = {isa = PBXBuildFile; fileRef = 3EBE744ED5FB126ADD38B6DD /* Pods_C8oSDKiOS.framework */; };
		D8245BE8EF45CF77D770CC8D /* Pods_C8oSDKiOSTests.framework in Frameworks */ = {isa = PBXBuildFile; fileRef = 040F84B5718525109D28750D /* Pods_C8oSDKiOSTests.framework */; };
/* End PBXBuildFile section */

/* Begin PBXContainerItemProxy section */
		62CD2A531C6207AD009E9F7E /* PBXContainerItemProxy */ = {
			isa = PBXContainerItemProxy;
			containerPortal = 62CD2A3E1C6207AC009E9F7E /* Project object */;
			proxyType = 1;
			remoteGlobalIDString = 62CD2A461C6207AC009E9F7E;
			remoteInfo = C8oSDKiOS;
		};
/* End PBXContainerItemProxy section */

/* Begin PBXFileReference section */
		040F84B5718525109D28750D /* Pods_C8oSDKiOSTests.framework */ = {isa = PBXFileReference; explicitFileType = wrapper.framework; includeInIndex = 0; path = Pods_C8oSDKiOSTests.framework; sourceTree = BUILT_PRODUCTS_DIR; };
		372612E91DD1D7020092EEC6 /* C8oFullSyncChangeListener.swift */ = {isa = PBXFileReference; fileEncoding = 4; lastKnownFileType = sourcecode.swift; path = C8oFullSyncChangeListener.swift; sourceTree = "<group>"; };
		3766883A1CBE4D34004FD9A2 /* Couchbase-Lite-Bridging-Header.h */ = {isa = PBXFileReference; fileEncoding = 4; lastKnownFileType = sourcecode.c.h; path = "Couchbase-Lite-Bridging-Header.h"; sourceTree = "<group>"; };
		376A96041D81AD3E00F023D8 /* 4m.jpg */ = {isa = PBXFileReference; lastKnownFileType = image.jpeg; path = 4m.jpg; sourceTree = "<group>"; };
		37F523B31C9ABE19007952C3 /* C8oCookieStorage.swift */ = {isa = PBXFileReference; fileEncoding = 4; lastKnownFileType = sourcecode.swift; path = C8oCookieStorage.swift; sourceTree = "<group>"; };
		3EBE744ED5FB126ADD38B6DD /* Pods_C8oSDKiOS.framework */ = {isa = PBXFileReference; explicitFileType = wrapper.framework; includeInIndex = 0; path = Pods_C8oSDKiOS.framework; sourceTree = BUILT_PRODUCTS_DIR; };
		48A8DAB072C56A9108866F53 /* Pods-C8oSDKiOSTests.debug.xcconfig */ = {isa = PBXFileReference; includeInIndex = 1; lastKnownFileType = text.xcconfig; name = "Pods-C8oSDKiOSTests.debug.xcconfig"; path = "Pods/Target Support Files/Pods-C8oSDKiOSTests/Pods-C8oSDKiOSTests.debug.xcconfig"; sourceTree = "<group>"; };
		62057A201CB53DA0004AE521 /* FullSyncEnum.swift */ = {isa = PBXFileReference; fileEncoding = 4; lastKnownFileType = sourcecode.swift; path = FullSyncEnum.swift; sourceTree = "<group>"; };
		62057A251CB63E7B004AE521 /* VoidResponse.swift */ = {isa = PBXFileReference; fileEncoding = 4; lastKnownFileType = sourcecode.swift; path = VoidResponse.swift; sourceTree = "<group>"; };
		620F6D131C77666800683D0F /* C8oHttpInterface.swift */ = {isa = PBXFileReference; fileEncoding = 4; lastKnownFileType = sourcecode.swift; path = C8oHttpInterface.swift; sourceTree = "<group>"; };
		620F6D151C776E0500683D0F /* C8oTranslator.swift */ = {isa = PBXFileReference; fileEncoding = 4; lastKnownFileType = sourcecode.swift; path = C8oTranslator.swift; sourceTree = "<group>"; };
		620F6D171C7771B300683D0F /* C8oUtils.swift */ = {isa = PBXFileReference; fileEncoding = 4; lastKnownFileType = sourcecode.swift; path = C8oUtils.swift; sourceTree = "<group>"; };
		621C066D1D5A08F100192E90 /* C8oSDK.podspec */ = {isa = PBXFileReference; explicitFileType = text.script.ruby; fileEncoding = 4; path = C8oSDK.podspec; sourceTree = "<group>"; };
		621C06731D5A0D3200192E90 /* README.md */ = {isa = PBXFileReference; fileEncoding = 4; lastKnownFileType = net.daringfireball.markdown; path = README.md; sourceTree = "<group>"; };
		6222327E1C6B29E2001D2EA1 /* C8oBase.swift */ = {isa = PBXFileReference; fileEncoding = 4; lastKnownFileType = sourcecode.swift; path = C8oBase.swift; sourceTree = "<group>"; };
		622232851C6B2A00001D2EA1 /* Queue.swift */ = {isa = PBXFileReference; fileEncoding = 4; lastKnownFileType = sourcecode.swift; path = Queue.swift; sourceTree = "<group>"; };
		622CA1651CAD54570074F704 /* FullSyncResponse.swift */ = {isa = PBXFileReference; fileEncoding = 4; lastKnownFileType = sourcecode.swift; path = FullSyncResponse.swift; sourceTree = "<group>"; };
		622CA1721CAEB8340074F704 /* C8o.swift */ = {isa = PBXFileReference; fileEncoding = 4; lastKnownFileType = sourcecode.swift; path = C8o.swift; sourceTree = "<group>"; };
		622CA1741CAEBED10074F704 /* C8oResponseCblListener.swift */ = {isa = PBXFileReference; fileEncoding = 4; lastKnownFileType = sourcecode.swift; path = C8oResponseCblListener.swift; sourceTree = "<group>"; };
		62314C6A1D36892C00F200B8 /* C8oFileTransferSettings.swift */ = {isa = PBXFileReference; fileEncoding = 4; lastKnownFileType = sourcecode.swift; path = C8oFileTransferSettings.swift; sourceTree = "<group>"; };
		62314C6C1D36894D00F200B8 /* C8oFileTransferBase.swift */ = {isa = PBXFileReference; fileEncoding = 4; lastKnownFileType = sourcecode.swift; path = C8oFileTransferBase.swift; sourceTree = "<group>"; };
		623C740A1C7C932900E691B0 /* C8oFullSyncCbl.swift */ = {isa = PBXFileReference; fileEncoding = 4; lastKnownFileType = sourcecode.swift; path = C8oFullSyncCbl.swift; sourceTree = "<group>"; };
		623C740D1C7C94E900E691B0 /* C8oFullSyncDatabase.swift */ = {isa = PBXFileReference; fileEncoding = 4; lastKnownFileType = sourcecode.swift; path = C8oFullSyncDatabase.swift; sourceTree = "<group>"; };
		623C740F1C7CD02100E691B0 /* C8oLogger.swift */ = {isa = PBXFileReference; fileEncoding = 4; lastKnownFileType = sourcecode.swift; path = C8oLogger.swift; sourceTree = "<group>"; };
		626CC7931CE4C5B4002ED698 /* CBLRegisterJSViewCompiler.h */ = {isa = PBXFileReference; fileEncoding = 4; lastKnownFileType = sourcecode.c.h; name = CBLRegisterJSViewCompiler.h; path = ../ObjC/CBLRegisterJSViewCompiler.h; sourceTree = "<group>"; };
		626CC7941CE4C5B4002ED698 /* libCBLJSViewCompiler.a */ = {isa = PBXFileReference; lastKnownFileType = archive.ar; name = libCBLJSViewCompiler.a; path = ../ObjC/libCBLJSViewCompiler.a; sourceTree = "<group>"; };
		627259C31ED31C38004A3769 /* C8o.framework */ = {isa = PBXFileReference; explicitFileType = wrapper.framework; includeInIndex = 0; path = C8o.framework; sourceTree = BUILT_PRODUCTS_DIR; };
		627259C41ED31C38004A3769 /* C8oSDKiOSTests.xctest */ = {isa = PBXFileReference; explicitFileType = wrapper.cfbundle; includeInIndex = 0; path = C8oSDKiOSTests.xctest; sourceTree = BUILT_PRODUCTS_DIR; };
		62CD2A4C1C6207AD009E9F7E /* Info.plist */ = {isa = PBXFileReference; lastKnownFileType = text.plist.xml; path = Info.plist; sourceTree = "<group>"; };
		62CD2A561C6207AD009E9F7E /* C8oSDKiOSTests.swift */ = {isa = PBXFileReference; lastKnownFileType = sourcecode.swift; path = C8oSDKiOSTests.swift; sourceTree = "<group>"; xcLanguageSpecificationIdentifier = xcode.lang.swift; };
		62CD2A581C6207AD009E9F7E /* Info.plist */ = {isa = PBXFileReference; lastKnownFileType = text.plist.xml; path = Info.plist; sourceTree = "<group>"; };
		62CD2A961C6210D6009E9F7E /* PodFile */ = {isa = PBXFileReference; fileEncoding = 4; lastKnownFileType = text; path = PodFile; sourceTree = "<group>"; xcLanguageSpecificationIdentifier = xcode.lang.ruby; };
		62DE2D171CB6B4130026C3B1 /* C8oLocalCacheResponse.swift */ = {isa = PBXFileReference; fileEncoding = 4; lastKnownFileType = sourcecode.swift; path = C8oLocalCacheResponse.swift; sourceTree = "<group>"; };
		62EDE9031C7481ED00D9213F /* C8oExceptionListener.swift */ = {isa = PBXFileReference; fileEncoding = 4; lastKnownFileType = sourcecode.swift; path = C8oExceptionListener.swift; sourceTree = "<group>"; };
		62EDE9081C7482B300D9213F /* C8oFileTransfer.swift */ = {isa = PBXFileReference; fileEncoding = 4; lastKnownFileType = sourcecode.swift; path = C8oFileTransfer.swift; sourceTree = "<group>"; };
		62EDE90A1C74D3AB00D9213F /* C8oFileTransferStatus.swift */ = {isa = PBXFileReference; fileEncoding = 4; lastKnownFileType = sourcecode.swift; path = C8oFileTransferStatus.swift; sourceTree = "<group>"; };
		62EDE90C1C74D88000D9213F /* C8oFullSyncTranslator.swift */ = {isa = PBXFileReference; fileEncoding = 4; lastKnownFileType = sourcecode.swift; path = C8oFullSyncTranslator.swift; sourceTree = "<group>"; };
		62EDE90E1C75C5BD00D9213F /* C8oLocalCache.swift */ = {isa = PBXFileReference; fileEncoding = 4; lastKnownFileType = sourcecode.swift; path = C8oLocalCache.swift; sourceTree = "<group>"; };
		62EDE9101C75DA0200D9213F /* C8oProgress.swift */ = {isa = PBXFileReference; fileEncoding = 4; lastKnownFileType = sourcecode.swift; path = C8oProgress.swift; sourceTree = "<group>"; };
		62EDE9121C75F99800D9213F /* C8oPromise.swift */ = {isa = PBXFileReference; fileEncoding = 4; lastKnownFileType = sourcecode.swift; path = C8oPromise.swift; sourceTree = "<group>"; };
		62EDE9161C75FF3700D9213F /* C8oPromiseSync.swift */ = {isa = PBXFileReference; fileEncoding = 4; lastKnownFileType = sourcecode.swift; path = C8oPromiseSync.swift; sourceTree = "<group>"; };
		62EDE9181C75FF5100D9213F /* C8oPromiseFailSync.swift */ = {isa = PBXFileReference; fileEncoding = 4; lastKnownFileType = sourcecode.swift; path = C8oPromiseFailSync.swift; sourceTree = "<group>"; };
		62EDE91A1C76114B00D9213F /* C8oResponseJsonListener.swift */ = {isa = PBXFileReference; fileEncoding = 4; lastKnownFileType = sourcecode.swift; path = C8oResponseJsonListener.swift; sourceTree = "<group>"; };
		62EDE91C1C7613E500D9213F /* C8oResponseListener.swift */ = {isa = PBXFileReference; fileEncoding = 4; lastKnownFileType = sourcecode.swift; path = C8oResponseListener.swift; sourceTree = "<group>"; };
		62EDE91E1C76141500D9213F /* C8oResponseProgressListener.swift */ = {isa = PBXFileReference; fileEncoding = 4; lastKnownFileType = sourcecode.swift; path = C8oResponseProgressListener.swift; sourceTree = "<group>"; };
		62EDE9201C76149A00D9213F /* C8oResponseXmlListener.swift */ = {isa = PBXFileReference; fileEncoding = 4; lastKnownFileType = sourcecode.swift; path = C8oResponseXmlListener.swift; sourceTree = "<group>"; };
		62EDE9221C76153000D9213F /* C8oSettings.swift */ = {isa = PBXFileReference; fileEncoding = 4; lastKnownFileType = sourcecode.swift; path = C8oSettings.swift; sourceTree = "<group>"; };
		62EDE9241C761BF700D9213F /* Delegates.swift */ = {isa = PBXFileReference; fileEncoding = 4; lastKnownFileType = sourcecode.swift; path = Delegates.swift; sourceTree = "<group>"; };
		62EDE9261C761D7500D9213F /* Exceptions.swift */ = {isa = PBXFileReference; fileEncoding = 4; lastKnownFileType = sourcecode.swift; path = Exceptions.swift; sourceTree = "<group>"; };
		62EDE9291C76239000D9213F /* C8oCallTask.swift */ = {isa = PBXFileReference; fileEncoding = 4; lastKnownFileType = sourcecode.swift; path = C8oCallTask.swift; sourceTree = "<group>"; };
		62EDE92C1C762EE500D9213F /* C8oExceptionMessage.swift */ = {isa = PBXFileReference; fileEncoding = 4; lastKnownFileType = sourcecode.swift; path = C8oExceptionMessage.swift; sourceTree = "<group>"; };
		62EDE9301C762FFE00D9213F /* C8oFileManager.swift */ = {isa = PBXFileReference; fileEncoding = 4; lastKnownFileType = sourcecode.swift; path = C8oFileManager.swift; sourceTree = "<group>"; };
		62EDE9321C76314200D9213F /* C8oFullSync.swift */ = {isa = PBXFileReference; fileEncoding = 4; lastKnownFileType = sourcecode.swift; path = C8oFullSync.swift; sourceTree = "<group>"; };
		73A8549AAD8B896907F2F6CB /* Pods-C8oSDKiOS.debug.xcconfig */ = {isa = PBXFileReference; includeInIndex = 1; lastKnownFileType = text.xcconfig; name = "Pods-C8oSDKiOS.debug.xcconfig"; path = "Pods/Target Support Files/Pods-C8oSDKiOS/Pods-C8oSDKiOS.debug.xcconfig"; sourceTree = "<group>"; };
		7C2A23DDBCB149E8C1358243 /* Pods-C8oSDKiOS.release.xcconfig */ = {isa = PBXFileReference; includeInIndex = 1; lastKnownFileType = text.xcconfig; name = "Pods-C8oSDKiOS.release.xcconfig"; path = "Pods/Target Support Files/Pods-C8oSDKiOS/Pods-C8oSDKiOS.release.xcconfig"; sourceTree = "<group>"; };
		EB9DD9C4928622F71D6AB05F /* Pods-C8oSDKiOSTests.release.xcconfig */ = {isa = PBXFileReference; includeInIndex = 1; lastKnownFileType = text.xcconfig; name = "Pods-C8oSDKiOSTests.release.xcconfig"; path = "Pods/Target Support Files/Pods-C8oSDKiOSTests/Pods-C8oSDKiOSTests.release.xcconfig"; sourceTree = "<group>"; };
/* End PBXFileReference section */

/* Begin PBXFrameworksBuildPhase section */
		62CD2A431C6207AC009E9F7E /* Frameworks */ = {
			isa = PBXFrameworksBuildPhase;
			buildActionMask = 2147483647;
			files = (
				626CC7BF1CE4CAD6002ED698 /* libCBLJSViewCompiler.a in Frameworks */,
				D1E67029367412270B12DFA4 /* Pods_C8oSDKiOS.framework in Frameworks */,
			);
			runOnlyForDeploymentPostprocessing = 0;
		};
		62CD2A4E1C6207AD009E9F7E /* Frameworks */ = {
			isa = PBXFrameworksBuildPhase;
			buildActionMask = 2147483647;
			files = (
				D8245BE8EF45CF77D770CC8D /* Pods_C8oSDKiOSTests.framework in Frameworks */,
			);
			runOnlyForDeploymentPostprocessing = 0;
		};
/* End PBXFrameworksBuildPhase section */

/* Begin PBXGroup section */
		0A4B6BBA5253C1E7B8588B64 /* Frameworks */ = {
			isa = PBXGroup;
			children = (
				3EBE744ED5FB126ADD38B6DD /* Pods_C8oSDKiOS.framework */,
				040F84B5718525109D28750D /* Pods_C8oSDKiOSTests.framework */,
			);
			name = Frameworks;
			sourceTree = "<group>";
		};
		621C066C1D5A08F100192E90 /* PodSpec */ = {
			isa = PBXGroup;
			children = (
				621C066D1D5A08F100192E90 /* C8oSDK.podspec */,
				621C06731D5A0D3200192E90 /* README.md */,
			);
			path = PodSpec;
			sourceTree = "<group>";
		};
		62CD2A3D1C6207AC009E9F7E = {
			isa = PBXGroup;
			children = (
				621C066C1D5A08F100192E90 /* PodSpec */,
				62CD2A961C6210D6009E9F7E /* PodFile */,
				62CD2A491C6207AD009E9F7E /* C8oSDKiOS */,
				62CD2A551C6207AD009E9F7E /* C8oSDKiOSTests */,
				627259C31ED31C38004A3769 /* C8o.framework */,
				627259C41ED31C38004A3769 /* C8oSDKiOSTests.xctest */,
				81E8CA5C050D82EE5299B07C /* Pods */,
				0A4B6BBA5253C1E7B8588B64 /* Frameworks */,
			);
			sourceTree = "<group>";
		};
		62CD2A491C6207AD009E9F7E /* C8oSDKiOS */ = {
			isa = PBXGroup;
			children = (
				3766883A1CBE4D34004FD9A2 /* Couchbase-Lite-Bridging-Header.h */,
				62EDE92B1C762CEE00D9213F /* Internal */,
				6222327E1C6B29E2001D2EA1 /* C8oBase.swift */,
				622CA1721CAEB8340074F704 /* C8o.swift */,
				622232851C6B2A00001D2EA1 /* Queue.swift */,
				62CD2A4C1C6207AD009E9F7E /* Info.plist */,
				62EDE90E1C75C5BD00D9213F /* C8oLocalCache.swift */,
				62EDE9101C75DA0200D9213F /* C8oProgress.swift */,
				62EDE9121C75F99800D9213F /* C8oPromise.swift */,
				62EDE91A1C76114B00D9213F /* C8oResponseJsonListener.swift */,
				62EDE91C1C7613E500D9213F /* C8oResponseListener.swift */,
				62EDE91E1C76141500D9213F /* C8oResponseProgressListener.swift */,
				62EDE9201C76149A00D9213F /* C8oResponseXmlListener.swift */,
				62EDE9221C76153000D9213F /* C8oSettings.swift */,
				62EDE9241C761BF700D9213F /* Delegates.swift */,
				62EDE9261C761D7500D9213F /* Exceptions.swift */,
				62EDE9161C75FF3700D9213F /* C8oPromiseSync.swift */,
				62EDE9181C75FF5100D9213F /* C8oPromiseFailSync.swift */,
				62EDE9031C7481ED00D9213F /* C8oExceptionListener.swift */,
				62EDE9081C7482B300D9213F /* C8oFileTransfer.swift */,
				62EDE90A1C74D3AB00D9213F /* C8oFileTransferStatus.swift */,
				62EDE90C1C74D88000D9213F /* C8oFullSyncTranslator.swift */,
				623C740A1C7C932900E691B0 /* C8oFullSyncCbl.swift */,
				623C740D1C7C94E900E691B0 /* C8oFullSyncDatabase.swift */,
				623C740F1C7CD02100E691B0 /* C8oLogger.swift */,
				622CA1651CAD54570074F704 /* FullSyncResponse.swift */,
				622CA1741CAEBED10074F704 /* C8oResponseCblListener.swift */,
				62057A201CB53DA0004AE521 /* FullSyncEnum.swift */,
				62057A251CB63E7B004AE521 /* VoidResponse.swift */,
				62DE2D171CB6B4130026C3B1 /* C8oLocalCacheResponse.swift */,
				62314C6A1D36892C00F200B8 /* C8oFileTransferSettings.swift */,
				62314C6C1D36894D00F200B8 /* C8oFileTransferBase.swift */,
				372612E91DD1D7020092EEC6 /* C8oFullSyncChangeListener.swift */,
			);
			path = C8oSDKiOS;
			sourceTree = "<group>";
		};
		62CD2A551C6207AD009E9F7E /* C8oSDKiOSTests */ = {
			isa = PBXGroup;
			children = (
				376A96041D81AD3E00F023D8 /* 4m.jpg */,
				62CD2A561C6207AD009E9F7E /* C8oSDKiOSTests.swift */,
				62CD2A581C6207AD009E9F7E /* Info.plist */,
			);
			path = C8oSDKiOSTests;
			sourceTree = "<group>";
		};
		62EDE92B1C762CEE00D9213F /* Internal */ = {
			isa = PBXGroup;
			children = (
				62EDE92C1C762EE500D9213F /* C8oExceptionMessage.swift */,
				62EDE9291C76239000D9213F /* C8oCallTask.swift */,
				62EDE9301C762FFE00D9213F /* C8oFileManager.swift */,
				62EDE9321C76314200D9213F /* C8oFullSync.swift */,
				620F6D131C77666800683D0F /* C8oHttpInterface.swift */,
				620F6D151C776E0500683D0F /* C8oTranslator.swift */,
				620F6D171C7771B300683D0F /* C8oUtils.swift */,
				37F523B31C9ABE19007952C3 /* C8oCookieStorage.swift */,
				626CC7931CE4C5B4002ED698 /* CBLRegisterJSViewCompiler.h */,
				626CC7941CE4C5B4002ED698 /* libCBLJSViewCompiler.a */,
			);
			name = Internal;
			sourceTree = "<group>";
		};
		81E8CA5C050D82EE5299B07C /* Pods */ = {
			isa = PBXGroup;
			children = (
				73A8549AAD8B896907F2F6CB /* Pods-C8oSDKiOS.debug.xcconfig */,
				7C2A23DDBCB149E8C1358243 /* Pods-C8oSDKiOS.release.xcconfig */,
				48A8DAB072C56A9108866F53 /* Pods-C8oSDKiOSTests.debug.xcconfig */,
				EB9DD9C4928622F71D6AB05F /* Pods-C8oSDKiOSTests.release.xcconfig */,
			);
			name = Pods;
			sourceTree = "<group>";
		};
/* End PBXGroup section */

/* Begin PBXHeadersBuildPhase section */
		62CD2A441C6207AC009E9F7E /* Headers */ = {
			isa = PBXHeadersBuildPhase;
			buildActionMask = 2147483647;
			files = (
				3766883B1CBE4D34004FD9A2 /* Couchbase-Lite-Bridging-Header.h in Headers */,
			);
			runOnlyForDeploymentPostprocessing = 0;
		};
/* End PBXHeadersBuildPhase section */

/* Begin PBXNativeTarget section */
		62CD2A461C6207AC009E9F7E /* C8oSDKiOS */ = {
			isa = PBXNativeTarget;
			buildConfigurationList = 62CD2A5B1C6207AD009E9F7E /* Build configuration list for PBXNativeTarget "C8oSDKiOS" */;
			buildPhases = (
				871243579CE41AE44ECCEC6B /* [CP] Check Pods Manifest.lock */,
				62CD2A421C6207AC009E9F7E /* Sources */,
				62CD2A431C6207AC009E9F7E /* Frameworks */,
				62CD2A441C6207AC009E9F7E /* Headers */,
				62CD2A451C6207AC009E9F7E /* Resources */,
				A6BC0877FB7B6CD2E282DD90 /* [CP] Copy Pods Resources */,
			);
			buildRules = (
			);
			dependencies = (
			);
			name = C8oSDKiOS;
			productName = C8oSDKiOS;
			productReference = 627259C31ED31C38004A3769 /* C8o.framework */;
			productType = "com.apple.product-type.framework";
		};
		62CD2A501C6207AD009E9F7E /* C8oSDKiOSTests */ = {
			isa = PBXNativeTarget;
			buildConfigurationList = 62CD2A5E1C6207AD009E9F7E /* Build configuration list for PBXNativeTarget "C8oSDKiOSTests" */;
			buildPhases = (
				3768B8FD2C36279E12AF0630 /* [CP] Check Pods Manifest.lock */,
				62CD2A4D1C6207AD009E9F7E /* Sources */,
				62CD2A4E1C6207AD009E9F7E /* Frameworks */,
				62CD2A4F1C6207AD009E9F7E /* Resources */,
				77A7A78025CE5FAA15463448 /* [CP] Embed Pods Frameworks */,
				139F23206FAF1E0B9139B82D /* [CP] Copy Pods Resources */,
			);
			buildRules = (
			);
			dependencies = (
				62CD2A541C6207AD009E9F7E /* PBXTargetDependency */,
			);
			name = C8oSDKiOSTests;
			productName = C8oSDKiOSTests;
			productReference = 627259C41ED31C38004A3769 /* C8oSDKiOSTests.xctest */;
			productType = "com.apple.product-type.bundle.unit-test";
		};
/* End PBXNativeTarget section */

/* Begin PBXProject section */
		62CD2A3E1C6207AC009E9F7E /* Project object */ = {
			isa = PBXProject;
			attributes = {
				LastSwiftUpdateCheck = 0730;
				LastUpgradeCheck = 0830;
				ORGANIZATIONNAME = Convertigo;
				TargetAttributes = {
					62CD2A461C6207AC009E9F7E = {
						CreatedOnToolsVersion = 7.2;
						LastSwiftMigration = 0830;
					};
					62CD2A501C6207AD009E9F7E = {
						CreatedOnToolsVersion = 7.2;
						LastSwiftMigration = 0830;
					};
				};
			};
			buildConfigurationList = 62CD2A411C6207AC009E9F7E /* Build configuration list for PBXProject "C8oSDKiOS" */;
			compatibilityVersion = "Xcode 3.2";
			developmentRegion = English;
			hasScannedForEncodings = 0;
			knownRegions = (
				en,
				Base,
			);
			mainGroup = 62CD2A3D1C6207AC009E9F7E;
			productRefGroup = 62CD2A3D1C6207AC009E9F7E;
			projectDirPath = "";
			projectRoot = "";
			targets = (
				62CD2A461C6207AC009E9F7E /* C8oSDKiOS */,
				62CD2A501C6207AD009E9F7E /* C8oSDKiOSTests */,
			);
		};
/* End PBXProject section */

/* Begin PBXResourcesBuildPhase section */
		62CD2A451C6207AC009E9F7E /* Resources */ = {
			isa = PBXResourcesBuildPhase;
			buildActionMask = 2147483647;
			files = (
				621C066E1D5A08F100192E90 /* C8oSDK.podspec in Resources */,
			);
			runOnlyForDeploymentPostprocessing = 0;
		};
		62CD2A4F1C6207AD009E9F7E /* Resources */ = {
			isa = PBXResourcesBuildPhase;
			buildActionMask = 2147483647;
			files = (
				376A96061D81B0F600F023D8 /* 4m.jpg in Resources */,
			);
			runOnlyForDeploymentPostprocessing = 0;
		};
/* End PBXResourcesBuildPhase section */

/* Begin PBXShellScriptBuildPhase section */
		139F23206FAF1E0B9139B82D /* [CP] Copy Pods Resources */ = {
			isa = PBXShellScriptBuildPhase;
			buildActionMask = 2147483647;
			files = (
			);
			inputPaths = (
			);
			name = "[CP] Copy Pods Resources";
			outputPaths = (
			);
			runOnlyForDeploymentPostprocessing = 0;
			shellPath = /bin/sh;
			shellScript = "\"${SRCROOT}/Pods/Target Support Files/Pods-C8oSDKiOSTests/Pods-C8oSDKiOSTests-resources.sh\"\n";
			showEnvVarsInLog = 0;
		};
		3768B8FD2C36279E12AF0630 /* [CP] Check Pods Manifest.lock */ = {
			isa = PBXShellScriptBuildPhase;
			buildActionMask = 2147483647;
			files = (
			);
			inputPaths = (
			);
			name = "[CP] Check Pods Manifest.lock";
			outputPaths = (
			);
			runOnlyForDeploymentPostprocessing = 0;
			shellPath = /bin/sh;
			shellScript = "diff \"${PODS_PODFILE_DIR_PATH}/Podfile.lock\" \"${PODS_ROOT}/Manifest.lock\" > /dev/null\nif [ $? != 0 ] ; then\n    # print error to STDERR\n    echo \"error: The sandbox is not in sync with the Podfile.lock. Run 'pod install' or update your CocoaPods installation.\" >&2\n    exit 1\nfi\n";
			showEnvVarsInLog = 0;
		};
		77A7A78025CE5FAA15463448 /* [CP] Embed Pods Frameworks */ = {
			isa = PBXShellScriptBuildPhase;
			buildActionMask = 2147483647;
			files = (
			);
			inputPaths = (
			);
			name = "[CP] Embed Pods Frameworks";
			outputPaths = (
			);
			runOnlyForDeploymentPostprocessing = 0;
			shellPath = /bin/sh;
			shellScript = "\"${SRCROOT}/Pods/Target Support Files/Pods-C8oSDKiOSTests/Pods-C8oSDKiOSTests-frameworks.sh\"\n";
			showEnvVarsInLog = 0;
		};
		871243579CE41AE44ECCEC6B /* [CP] Check Pods Manifest.lock */ = {
			isa = PBXShellScriptBuildPhase;
			buildActionMask = 2147483647;
			files = (
			);
			inputPaths = (
			);
			name = "[CP] Check Pods Manifest.lock";
			outputPaths = (
			);
			runOnlyForDeploymentPostprocessing = 0;
			shellPath = /bin/sh;
			shellScript = "diff \"${PODS_PODFILE_DIR_PATH}/Podfile.lock\" \"${PODS_ROOT}/Manifest.lock\" > /dev/null\nif [ $? != 0 ] ; then\n    # print error to STDERR\n    echo \"error: The sandbox is not in sync with the Podfile.lock. Run 'pod install' or update your CocoaPods installation.\" >&2\n    exit 1\nfi\n";
			showEnvVarsInLog = 0;
		};
		A6BC0877FB7B6CD2E282DD90 /* [CP] Copy Pods Resources */ = {
			isa = PBXShellScriptBuildPhase;
			buildActionMask = 2147483647;
			files = (
			);
			inputPaths = (
			);
			name = "[CP] Copy Pods Resources";
			outputPaths = (
			);
			runOnlyForDeploymentPostprocessing = 0;
			shellPath = /bin/sh;
			shellScript = "\"${SRCROOT}/Pods/Target Support Files/Pods-C8oSDKiOS/Pods-C8oSDKiOS-resources.sh\"\n";
			showEnvVarsInLog = 0;
		};
/* End PBXShellScriptBuildPhase section */

/* Begin PBXSourcesBuildPhase section */
		62CD2A421C6207AC009E9F7E /* Sources */ = {
			isa = PBXSourcesBuildPhase;
			buildActionMask = 2147483647;
			files = (
				620F6D181C7771B300683D0F /* C8oUtils.swift in Sources */,
				62EDE91F1C76141500D9213F /* C8oResponseProgressListener.swift in Sources */,
				62EDE9271C761D7500D9213F /* Exceptions.swift in Sources */,
				622CA1731CAEB8340074F704 /* C8o.swift in Sources */,
				623C740E1C7C94E900E691B0 /* C8oFullSyncDatabase.swift in Sources */,
				62EDE9231C76153000D9213F /* C8oSettings.swift in Sources */,
				622CA1751CAEBED10074F704 /* C8oResponseCblListener.swift in Sources */,
				62EDE92A1C76239000D9213F /* C8oCallTask.swift in Sources */,
				62314C6B1D36892C00F200B8 /* C8oFileTransferSettings.swift in Sources */,
				62EDE9041C7481ED00D9213F /* C8oExceptionListener.swift in Sources */,
				62EDE9171C75FF3700D9213F /* C8oPromiseSync.swift in Sources */,
				62EDE9331C76314200D9213F /* C8oFullSync.swift in Sources */,
				62DE2D181CB6B4130026C3B1 /* C8oLocalCacheResponse.swift in Sources */,
				622CA1661CAD54580074F704 /* FullSyncResponse.swift in Sources */,
				620F6D141C77666800683D0F /* C8oHttpInterface.swift in Sources */,
				62057A211CB53DA0004AE521 /* FullSyncEnum.swift in Sources */,
				62EDE91D1C7613E500D9213F /* C8oResponseListener.swift in Sources */,
				62EDE9131C75F99800D9213F /* C8oPromise.swift in Sources */,
				62EDE92D1C762EE500D9213F /* C8oExceptionMessage.swift in Sources */,
				62EDE9251C761BF700D9213F /* Delegates.swift in Sources */,
				62EDE9191C75FF5100D9213F /* C8oPromiseFailSync.swift in Sources */,
				62EDE91B1C76114B00D9213F /* C8oResponseJsonListener.swift in Sources */,
				62314C6D1D36894D00F200B8 /* C8oFileTransferBase.swift in Sources */,
				37F523B41C9ABE19007952C3 /* C8oCookieStorage.swift in Sources */,
				620F6D161C776E0500683D0F /* C8oTranslator.swift in Sources */,
				62EDE90D1C74D88000D9213F /* C8oFullSyncTranslator.swift in Sources */,
				623C74101C7CD02100E691B0 /* C8oLogger.swift in Sources */,
				62057A261CB63E7B004AE521 /* VoidResponse.swift in Sources */,
				62EDE9211C76149A00D9213F /* C8oResponseXmlListener.swift in Sources */,
				62EDE90F1C75C5BD00D9213F /* C8oLocalCache.swift in Sources */,
				62EDE9111C75DA0200D9213F /* C8oProgress.swift in Sources */,
				622232801C6B29E2001D2EA1 /* C8oBase.swift in Sources */,
				372612EA1DD1D7020092EEC6 /* C8oFullSyncChangeListener.swift in Sources */,
				623C740B1C7C932900E691B0 /* C8oFullSyncCbl.swift in Sources */,
				622232861C6B2A00001D2EA1 /* Queue.swift in Sources */,
				62EDE9091C7482B300D9213F /* C8oFileTransfer.swift in Sources */,
				62EDE90B1C74D3AB00D9213F /* C8oFileTransferStatus.swift in Sources */,
				62EDE9311C762FFE00D9213F /* C8oFileManager.swift in Sources */,
			);
			runOnlyForDeploymentPostprocessing = 0;
		};
		62CD2A4D1C6207AD009E9F7E /* Sources */ = {
			isa = PBXSourcesBuildPhase;
			buildActionMask = 2147483647;
			files = (
				62CD2A571C6207AD009E9F7E /* C8oSDKiOSTests.swift in Sources */,
			);
			runOnlyForDeploymentPostprocessing = 0;
		};
/* End PBXSourcesBuildPhase section */

/* Begin PBXTargetDependency section */
		62CD2A541C6207AD009E9F7E /* PBXTargetDependency */ = {
			isa = PBXTargetDependency;
			target = 62CD2A461C6207AC009E9F7E /* C8oSDKiOS */;
			targetProxy = 62CD2A531C6207AD009E9F7E /* PBXContainerItemProxy */;
		};
/* End PBXTargetDependency section */

/* Begin XCBuildConfiguration section */
		62CD2A591C6207AD009E9F7E /* Debug */ = {
			isa = XCBuildConfiguration;
			buildSettings = {
				ALWAYS_SEARCH_USER_PATHS = NO;
				CLANG_CXX_LANGUAGE_STANDARD = "gnu++0x";
				CLANG_CXX_LIBRARY = "libc++";
				CLANG_ENABLE_MODULES = YES;
				CLANG_ENABLE_OBJC_ARC = YES;
				CLANG_WARN_BOOL_CONVERSION = YES;
				CLANG_WARN_CONSTANT_CONVERSION = YES;
				CLANG_WARN_DIRECT_OBJC_ISA_USAGE = YES_ERROR;
				CLANG_WARN_EMPTY_BODY = YES;
				CLANG_WARN_ENUM_CONVERSION = YES;
				CLANG_WARN_INFINITE_RECURSION = YES;
				CLANG_WARN_INT_CONVERSION = YES;
				CLANG_WARN_OBJC_ROOT_CLASS = YES_ERROR;
				CLANG_WARN_SUSPICIOUS_MOVE = YES;
				CLANG_WARN_UNREACHABLE_CODE = YES;
				CLANG_WARN__DUPLICATE_METHOD_MATCH = YES;
				"CODE_SIGN_IDENTITY[sdk=iphoneos*]" = "iPhone Developer";
				COPY_PHASE_STRIP = NO;
				CURRENT_PROJECT_VERSION = 1;
				DEBUG_INFORMATION_FORMAT = dwarf;
				ENABLE_STRICT_OBJC_MSGSEND = YES;
				ENABLE_TESTABILITY = YES;
				GCC_C_LANGUAGE_STANDARD = gnu99;
				GCC_DYNAMIC_NO_PIC = NO;
				GCC_NO_COMMON_BLOCKS = YES;
				GCC_OPTIMIZATION_LEVEL = 0;
				GCC_PREPROCESSOR_DEFINITIONS = (
					"DEBUG=1",
					"$(inherited)",
				);
				GCC_WARN_64_TO_32_BIT_CONVERSION = YES;
				GCC_WARN_ABOUT_RETURN_TYPE = YES_ERROR;
				GCC_WARN_UNDECLARED_SELECTOR = YES;
				GCC_WARN_UNINITIALIZED_AUTOS = YES_AGGRESSIVE;
				GCC_WARN_UNUSED_FUNCTION = YES;
				GCC_WARN_UNUSED_VARIABLE = YES;
				IPHONEOS_DEPLOYMENT_TARGET = 8.0;
				MTL_ENABLE_DEBUG_INFO = YES;
				ONLY_ACTIVE_ARCH = YES;
				SDKROOT = iphoneos;
				SWIFT_OPTIMIZATION_LEVEL = "-Onone";
				TARGETED_DEVICE_FAMILY = "1,2";
				VERSIONING_SYSTEM = "apple-generic";
				VERSION_INFO_PREFIX = "";
			};
			name = Debug;
		};
		62CD2A5A1C6207AD009E9F7E /* Release */ = {
			isa = XCBuildConfiguration;
			buildSettings = {
				ALWAYS_SEARCH_USER_PATHS = NO;
				CLANG_CXX_LANGUAGE_STANDARD = "gnu++0x";
				CLANG_CXX_LIBRARY = "libc++";
				CLANG_ENABLE_MODULES = YES;
				CLANG_ENABLE_OBJC_ARC = YES;
				CLANG_WARN_BOOL_CONVERSION = YES;
				CLANG_WARN_CONSTANT_CONVERSION = YES;
				CLANG_WARN_DIRECT_OBJC_ISA_USAGE = YES_ERROR;
				CLANG_WARN_EMPTY_BODY = YES;
				CLANG_WARN_ENUM_CONVERSION = YES;
				CLANG_WARN_INFINITE_RECURSION = YES;
				CLANG_WARN_INT_CONVERSION = YES;
				CLANG_WARN_OBJC_ROOT_CLASS = YES_ERROR;
				CLANG_WARN_SUSPICIOUS_MOVE = YES;
				CLANG_WARN_UNREACHABLE_CODE = YES;
				CLANG_WARN__DUPLICATE_METHOD_MATCH = YES;
				"CODE_SIGN_IDENTITY[sdk=iphoneos*]" = "iPhone Developer";
				COPY_PHASE_STRIP = NO;
				CURRENT_PROJECT_VERSION = 1;
				DEBUG_INFORMATION_FORMAT = "dwarf-with-dsym";
				ENABLE_NS_ASSERTIONS = NO;
				ENABLE_STRICT_OBJC_MSGSEND = YES;
				GCC_C_LANGUAGE_STANDARD = gnu99;
				GCC_NO_COMMON_BLOCKS = YES;
				GCC_WARN_64_TO_32_BIT_CONVERSION = YES;
				GCC_WARN_ABOUT_RETURN_TYPE = YES_ERROR;
				GCC_WARN_UNDECLARED_SELECTOR = YES;
				GCC_WARN_UNINITIALIZED_AUTOS = YES_AGGRESSIVE;
				GCC_WARN_UNUSED_FUNCTION = YES;
				GCC_WARN_UNUSED_VARIABLE = YES;
				IPHONEOS_DEPLOYMENT_TARGET = 8.0;
				MTL_ENABLE_DEBUG_INFO = NO;
				SDKROOT = iphoneos;
				SWIFT_OPTIMIZATION_LEVEL = "-Owholemodule";
				TARGETED_DEVICE_FAMILY = "1,2";
				VALIDATE_PRODUCT = YES;
				VERSIONING_SYSTEM = "apple-generic";
				VERSION_INFO_PREFIX = "";
			};
			name = Release;
		};
		62CD2A5C1C6207AD009E9F7E /* Debug */ = {
			isa = XCBuildConfiguration;
			baseConfigurationReference = 73A8549AAD8B896907F2F6CB /* Pods-C8oSDKiOS.debug.xcconfig */;
			buildSettings = {
				APPLICATION_EXTENSION_API_ONLY = NO;
				CLANG_ALLOW_NON_MODULAR_INCLUDES_IN_FRAMEWORK_MODULES = NO;
				CLANG_ENABLE_MODULES = YES;
				CODE_SIGN_IDENTITY = "iPhone Developer";
				"CODE_SIGN_IDENTITY[sdk=iphoneos*]" = "iPhone Developer";
				DEFINES_MODULE = YES;
				DEVELOPMENT_TEAM = "";
				DYLIB_COMPATIBILITY_VERSION = 1;
				DYLIB_CURRENT_VERSION = 1;
				DYLIB_INSTALL_NAME_BASE = "@rpath";
				ENABLE_BITCODE = NO;
				FRAMEWORK_SEARCH_PATHS = (
					"$(inherited)",
					"$(PROJECT_DIR)/build/Debug-iphoneos",
					"$(PROJECT_DIR)/Pods/couchbase-lite-ios",
				);
				INFOPLIST_FILE = C8oSDKiOS/Info.plist;
				INSTALL_PATH = "$(LOCAL_LIBRARY_DIR)/Frameworks";
				LD_RUNPATH_SEARCH_PATHS = "$(inherited) @executable_path/Frameworks @loader_path/Frameworks";
				LIBRARY_SEARCH_PATHS = (
					"$(inherited)",
					"$(PROJECT_DIR)/C8oSDKiOS",
					"$(PROJECT_DIR)/ObjC",
					"$(PROJECT_DIR)/Pods/couchbase-lite-ios/Extras",
				);
				MODULEMAP_FILE = "";
				OTHER_LDFLAGS = (
					"$(inherited)",
					"-framework",
					"\"Alamofire\"",
					"-ObjC",
				);
				PRODUCT_BUNDLE_IDENTIFIER = com.convertigo.C8oSDKiOS;
				PRODUCT_NAME = C8o;
				SDKROOT = iphoneos;
				SKIP_INSTALL = YES;
				SWIFT_INCLUDE_PATHS = "${SRCROOT}/C8oSDKiOS";
				SWIFT_OBJC_BRIDGING_HEADER = "C8oSDKiOS/Couchbase-Lite-Bridging-Header.h";
				SWIFT_OBJC_INTERFACE_HEADER_NAME = "C8oSDKiOS-Swift.h";
				SWIFT_OPTIMIZATION_LEVEL = "-Onone";
				SWIFT_VERSION = 3.0;
			};
			name = Debug;
		};
		62CD2A5D1C6207AD009E9F7E /* Release */ = {
			isa = XCBuildConfiguration;
			baseConfigurationReference = 7C2A23DDBCB149E8C1358243 /* Pods-C8oSDKiOS.release.xcconfig */;
			buildSettings = {
				APPLICATION_EXTENSION_API_ONLY = NO;
				CLANG_ALLOW_NON_MODULAR_INCLUDES_IN_FRAMEWORK_MODULES = NO;
				CLANG_ENABLE_MODULES = YES;
				CODE_SIGN_IDENTITY = "iPhone Developer";
				"CODE_SIGN_IDENTITY[sdk=iphoneos*]" = "";
				DEFINES_MODULE = YES;
				DYLIB_COMPATIBILITY_VERSION = 1;
				DYLIB_CURRENT_VERSION = 1;
				DYLIB_INSTALL_NAME_BASE = "@rpath";
				ENABLE_BITCODE = NO;
				ENABLE_TESTABILITY = YES;
				FRAMEWORK_SEARCH_PATHS = (
					"$(inherited)",
					"$(PROJECT_DIR)/build/Debug-iphoneos",
					"$(PROJECT_DIR)/Pods/couchbase-lite-ios",
				);
				INFOPLIST_FILE = C8oSDKiOS/Info.plist;
				INSTALL_PATH = "$(LOCAL_LIBRARY_DIR)/Frameworks";
				LD_RUNPATH_SEARCH_PATHS = "$(inherited) @executable_path/Frameworks @loader_path/Frameworks";
				LIBRARY_SEARCH_PATHS = (
					"$(inherited)",
					"$(PROJECT_DIR)/C8oSDKiOS",
					"$(PROJECT_DIR)/ObjC",
					"$(PROJECT_DIR)/Pods/couchbase-lite-ios/Extras",
				);
				MODULEMAP_FILE = "";
				OTHER_LDFLAGS = (
					"$(inherited)",
					"-framework",
					"\"Alamofire\"",
					"-ObjC",
				);
				PRODUCT_BUNDLE_IDENTIFIER = com.convertigo.C8oSDKiOS;
				PRODUCT_NAME = C8o;
				SDKROOT = iphoneos;
				SKIP_INSTALL = YES;
				SWIFT_INCLUDE_PATHS = "${SRCROOT}/C8oSDKiOS";
				SWIFT_OBJC_BRIDGING_HEADER = "C8oSDKiOS/Couchbase-Lite-Bridging-Header.h";
				SWIFT_OBJC_INTERFACE_HEADER_NAME = "C8oSDKiOS-Swift.h";
				SWIFT_VERSION = 3.0;
			};
			name = Release;
		};
		62CD2A5F1C6207AD009E9F7E /* Debug */ = {
			isa = XCBuildConfiguration;
			baseConfigurationReference = 48A8DAB072C56A9108866F53 /* Pods-C8oSDKiOSTests.debug.xcconfig */;
			buildSettings = {
				HEADER_SEARCH_PATHS = "$(SDKROOT)/usr/include/libxml2";
				INFOPLIST_FILE = C8oSDKiOSTests/Info.plist;
				LD_RUNPATH_SEARCH_PATHS = "$(inherited) @executable_path/Frameworks @loader_path/Frameworks";
				PRODUCT_BUNDLE_IDENTIFIER = com.convertigo.C8oSDKiOSTests;
				PRODUCT_NAME = "$(TARGET_NAME)";
				SWIFT_VERSION = 3.0;
			};
			name = Debug;
		};
		62CD2A601C6207AD009E9F7E /* Release */ = {
			isa = XCBuildConfiguration;
			baseConfigurationReference = EB9DD9C4928622F71D6AB05F /* Pods-C8oSDKiOSTests.release.xcconfig */;
			buildSettings = {
				HEADER_SEARCH_PATHS = "$(SDKROOT)/usr/include/libxml2";
				INFOPLIST_FILE = C8oSDKiOSTests/Info.plist;
				LD_RUNPATH_SEARCH_PATHS = "$(inherited) @executable_path/Frameworks @loader_path/Frameworks";
				PRODUCT_BUNDLE_IDENTIFIER = com.convertigo.C8oSDKiOSTests;
				PRODUCT_NAME = "$(TARGET_NAME)";
				SWIFT_VERSION = 3.0;
			};
			name = Release;
		};
/* End XCBuildConfiguration section */

/* Begin XCConfigurationList section */
		62CD2A411C6207AC009E9F7E /* Build configuration list for PBXProject "C8oSDKiOS" */ = {
			isa = XCConfigurationList;
			buildConfigurations = (
				62CD2A591C6207AD009E9F7E /* Debug */,
				62CD2A5A1C6207AD009E9F7E /* Release */,
			);
			defaultConfigurationIsVisible = 0;
			defaultConfigurationName = Release;
		};
		62CD2A5B1C6207AD009E9F7E /* Build configuration list for PBXNativeTarget "C8oSDKiOS" */ = {
			isa = XCConfigurationList;
			buildConfigurations = (
				62CD2A5C1C6207AD009E9F7E /* Debug */,
				62CD2A5D1C6207AD009E9F7E /* Release */,
			);
			defaultConfigurationIsVisible = 0;
			defaultConfigurationName = Release;
		};
		62CD2A5E1C6207AD009E9F7E /* Build configuration list for PBXNativeTarget "C8oSDKiOSTests" */ = {
			isa = XCConfigurationList;
			buildConfigurations = (
				62CD2A5F1C6207AD009E9F7E /* Debug */,
				62CD2A601C6207AD009E9F7E /* Release */,
			);
			defaultConfigurationIsVisible = 0;
			defaultConfigurationName = Release;
		};
/* End XCConfigurationList section */
	};
	rootObject = 62CD2A3E1C6207AC009E9F7E /* Project object */;
}
